// !$*UTF8*$!
{
	archiveVersion = 1;
	classes = {
	};
	objectVersion = 46;
	objects = {

/* Begin PBXBuildFile section */
		431124921CE36CDC00950918 /* BIOperationNotifier.h in Headers */ = {isa = PBXBuildFile; fileRef = 431124901CE36CDC00950918 /* BIOperationNotifier.h */; settings = {ATTRIBUTES = (Public, ); }; };
		431124931CE36CDC00950918 /* BIOperationNotifier.m in Sources */ = {isa = PBXBuildFile; fileRef = 431124911CE36CDC00950918 /* BIOperationNotifier.m */; };
		436E442E1D0A90BD008A39FD /* BIDatasourceFetchedFeedTableView.h in Headers */ = {isa = PBXBuildFile; fileRef = 436E442C1D0A90BD008A39FD /* BIDatasourceFetchedFeedTableView.h */; settings = {ATTRIBUTES = (Public, ); }; };
		436E442F1D0A90BD008A39FD /* BIDatasourceFetchedFeedTableView.m in Sources */ = {isa = PBXBuildFile; fileRef = 436E442D1D0A90BD008A39FD /* BIDatasourceFetchedFeedTableView.m */; };
		436E44311D0A9308008A39FD /* BITableViewUtils.h in Headers */ = {isa = PBXBuildFile; fileRef = 436E44301D0A9140008A39FD /* BITableViewUtils.h */; settings = {ATTRIBUTES = (Public, ); }; };
		43A5B5531CFD6EF900F79359 /* BIOperationBase.h in Headers */ = {isa = PBXBuildFile; fileRef = 43A5B5511CFD6EF900F79359 /* BIOperationBase.h */; settings = {ATTRIBUTES = (Public, ); }; };
		43A5B5541CFD6EF900F79359 /* BIOperationBase.m in Sources */ = {isa = PBXBuildFile; fileRef = 43A5B5521CFD6EF900F79359 /* BIOperationBase.m */; };
		43A5B5571CFD733300F79359 /* BIOperationBaseTestCase.m in Sources */ = {isa = PBXBuildFile; fileRef = 43A5B5561CFD733300F79359 /* BIOperationBaseTestCase.m */; };
		43D3BFE21D12DD5B000C840C /* MockUITableView.m in Sources */ = {isa = PBXBuildFile; fileRef = 43D3BFE11D12DD5B000C840C /* MockUITableView.m */; };
		43D3BFE61D12DDC1000C840C /* MockUICollectionView.m in Sources */ = {isa = PBXBuildFile; fileRef = 43D3BFE51D12DDC1000C840C /* MockUICollectionView.m */; };
		43D3BFEB1D12DF5D000C840C /* MockBIHandlerTableView.m in Sources */ = {isa = PBXBuildFile; fileRef = 43D3BFEA1D12DF5D000C840C /* MockBIHandlerTableView.m */; };
		43D3BFEF1D12E0B1000C840C /* MockNSFetchedResultsSectionInfo.m in Sources */ = {isa = PBXBuildFile; fileRef = 43D3BFEE1D12E0B1000C840C /* MockNSFetchedResultsSectionInfo.m */; };
		43D3BFF31D12E0DB000C840C /* MockNSFetchedResultsController.m in Sources */ = {isa = PBXBuildFile; fileRef = 43D3BFF21D12E0DB000C840C /* MockNSFetchedResultsController.m */; };
		43D3BFF71D12E592000C840C /* MockUINib.m in Sources */ = {isa = PBXBuildFile; fileRef = 43D3BFF61D12E592000C840C /* MockUINib.m */; };
		43D3BFFC1D12FCC0000C840C /* MockBITableView.m in Sources */ = {isa = PBXBuildFile; fileRef = 43D3BFFB1D12FCC0000C840C /* MockBITableView.m */; };
		43D3BFFE1D1A8080000C840C /* BIOperationNotifierTestCase.m in Sources */ = {isa = PBXBuildFile; fileRef = 43D3BFFD1D1A8080000C840C /* BIOperationNotifierTestCase.m */; };
		43D3C0021D1A8143000C840C /* MockBIOperationNotifierListener.m in Sources */ = {isa = PBXBuildFile; fileRef = 43D3C0011D1A8143000C840C /* MockBIOperationNotifierListener.m */; };
		43D3C0081D1A832C000C840C /* BIDatasourceBaseTestCase.m in Sources */ = {isa = PBXBuildFile; fileRef = 43D3C0071D1A832C000C840C /* BIDatasourceBaseTestCase.m */; };
		43F541CD1CD0F276002EB6C6 /* BIObjCHelpers.framework in Frameworks */ = {isa = PBXBuildFile; fileRef = 43F541C31CD0F275002EB6C6 /* BIObjCHelpers.framework */; };
		43F541DC1CD0F2AD002EB6C6 /* _BIScrollViewProxy.m in Sources */ = {isa = PBXBuildFile; fileRef = 91614A821B94790400D00EB2 /* _BIScrollViewProxy.m */; };
		43F541DE1CD0F2AD002EB6C6 /* UIScrollView+BIBatching.m in Sources */ = {isa = PBXBuildFile; fileRef = 432001971C7B26C0006A8BB7 /* UIScrollView+BIBatching.m */; };
		43F541E01CD0F2AD002EB6C6 /* BIScrollAdditionalViewBase.m in Sources */ = {isa = PBXBuildFile; fileRef = 433DEB491C4D1A16002296AE /* BIScrollAdditionalViewBase.m */; };
		43F541E21CD0F2AD002EB6C6 /* BIScrollAdditionalErrorNoContentView.m in Sources */ = {isa = PBXBuildFile; fileRef = 433DEB4C1C4D1A52002296AE /* BIScrollAdditionalErrorNoContentView.m */; };
		43F541E41CD0F2AD002EB6C6 /* BIScrollAdditionalLoadingView.m in Sources */ = {isa = PBXBuildFile; fileRef = 433DEB4F1C4D1A74002296AE /* BIScrollAdditionalLoadingView.m */; };
		43F541E61CD0F2AD002EB6C6 /* BIScrollAdditionalNoContentView.m in Sources */ = {isa = PBXBuildFile; fileRef = 433DEB521C4D1AA4002296AE /* BIScrollAdditionalNoContentView.m */; };
		43F541E81CD0F2AD002EB6C6 /* BIActivityIndicatorContainerView.m in Sources */ = {isa = PBXBuildFile; fileRef = 91E9ECEB1B94A6BD0009C4F1 /* BIActivityIndicatorContainerView.m */; };
		43F541EA1CD0F2AD002EB6C6 /* BITableViewCell.m in Sources */ = {isa = PBXBuildFile; fileRef = 91E517F11B59208F000B51AF /* BITableViewCell.m */; };
		43F541EC1CD0F2AD002EB6C6 /* BITableView.m in Sources */ = {isa = PBXBuildFile; fileRef = 91E59B861B5840CD0034824F /* BITableView.m */; };
		43F541EF1CD0F2AD002EB6C6 /* BICollectionViewActivityIndicatorReusableView.m in Sources */ = {isa = PBXBuildFile; fileRef = 91E9ECEF1B94A6F10009C4F1 /* BICollectionViewActivityIndicatorReusableView.m */; };
		43F541F11CD0F2AD002EB6C6 /* BICollectionView.m in Sources */ = {isa = PBXBuildFile; fileRef = 91614A8D1B9481A000D00EB2 /* BICollectionView.m */; };
		43F541F41CD0F2AD002EB6C6 /* BIBatchRequest.m in Sources */ = {isa = PBXBuildFile; fileRef = 43F23F891B9F081200CEAD8C /* BIBatchRequest.m */; };
		43F541F61CD0F2AD002EB6C6 /* BIBatchResponse.m in Sources */ = {isa = PBXBuildFile; fileRef = 43F23F841B9F040C00CEAD8C /* BIBatchResponse.m */; };
		43F541F81CD0F2AD002EB6C6 /* BIBatchHelpers.m in Sources */ = {isa = PBXBuildFile; fileRef = 43F23F7D1B9EFC0D00CEAD8C /* BIBatchHelpers.m */; };
		43F541FA1CD0F2AD002EB6C6 /* UIView+BILoadXib.m in Sources */ = {isa = PBXBuildFile; fileRef = 91E59B8A1B58411B0034824F /* UIView+BILoadXib.m */; };
		43F541FC1CD0F2AD002EB6C6 /* NSBundle+BIExtra.m in Sources */ = {isa = PBXBuildFile; fileRef = 43BE6C461B5689C9001F0A00 /* NSBundle+BIExtra.m */; };
		43F541FE1CD0F2AD002EB6C6 /* NSDate+BIAttributedString.m in Sources */ = {isa = PBXBuildFile; fileRef = 43BE6C491B5689CA001F0A00 /* NSDate+BIAttributedString.m */; };
		43F542001CD0F2AD002EB6C6 /* NSString+BIExtra.m in Sources */ = {isa = PBXBuildFile; fileRef = 43BE6C4C1B5689CA001F0A00 /* NSString+BIExtra.m */; };
		43F542021CD0F2AD002EB6C6 /* BIDatasourceBase.m in Sources */ = {isa = PBXBuildFile; fileRef = 43BE6C501B5689CA001F0A00 /* BIDatasourceBase.m */; };
		43F542041CD0F2AD002EB6C6 /* BIDatasourceCollectionView.m in Sources */ = {isa = PBXBuildFile; fileRef = 43BE6C531B5689CA001F0A00 /* BIDatasourceCollectionView.m */; };
		43F542061CD0F2AD002EB6C6 /* BIDatasourceFetchedCollectionView.m in Sources */ = {isa = PBXBuildFile; fileRef = 43BE6C551B5689CA001F0A00 /* BIDatasourceFetchedCollectionView.m */; };
		43F542081CD0F2AD002EB6C6 /* BIDatasourceFeedCollectionView.m in Sources */ = {isa = PBXBuildFile; fileRef = 91E9ECE81B949D0D0009C4F1 /* BIDatasourceFeedCollectionView.m */; };
		43F5420A1CD0F2AD002EB6C6 /* BIDatasourceFeedTableView.m in Sources */ = {isa = PBXBuildFile; fileRef = 43BE6C581B5689CA001F0A00 /* BIDatasourceFeedTableView.m */; };
		43F5420C1CD0F2AD002EB6C6 /* BIDatasourceFetchedTableView.m in Sources */ = {isa = PBXBuildFile; fileRef = 43BE6C5A1B5689CA001F0A00 /* BIDatasourceFetchedTableView.m */; };
		43F5420E1CD0F2AE002EB6C6 /* BIDatasourceTableView.m in Sources */ = {isa = PBXBuildFile; fileRef = 43BE6C5C1B5689CA001F0A00 /* BIDatasourceTableView.m */; };
		43F542101CD0F2AE002EB6C6 /* BIHandlerBase.m in Sources */ = {isa = PBXBuildFile; fileRef = 43BE6C601B5689CA001F0A00 /* BIHandlerBase.m */; };
		43F542121CD0F2AE002EB6C6 /* BIHandlerTableView.m in Sources */ = {isa = PBXBuildFile; fileRef = 43BE6C631B5689CA001F0A00 /* BIHandlerTableView.m */; };
		43F542141CD0F2AE002EB6C6 /* BIHandlerCollectionView.m in Sources */ = {isa = PBXBuildFile; fileRef = 91614A941B94830600D00EB2 /* BIHandlerCollectionView.m */; };
		43F542171CD0F2AE002EB6C6 /* BILifecycle.m in Sources */ = {isa = PBXBuildFile; fileRef = 43BE6C681B5689CA001F0A00 /* BILifecycle.m */; };
		43F542191CD0F2AE002EB6C6 /* BIOperationQueue.m in Sources */ = {isa = PBXBuildFile; fileRef = 43BE6C6B1B5689CA001F0A00 /* BIOperationQueue.m */; };
		43F5421B1CD0F2AE002EB6C6 /* BISerialOperationQueue.m in Sources */ = {isa = PBXBuildFile; fileRef = 43BE6C6D1B5689CA001F0A00 /* BISerialOperationQueue.m */; };
		43F5421E1CD0F2AE002EB6C6 /* BIStartersFactory.m in Sources */ = {isa = PBXBuildFile; fileRef = 43BE6C711B5689CA001F0A00 /* BIStartersFactory.m */; };
		43F542201CD0F2AE002EB6C6 /* BILaunchStartersFactory.m in Sources */ = {isa = PBXBuildFile; fileRef = 9437007E1BCD3F9C0063D2CC /* BILaunchStartersFactory.m */; };
		43F542231CD0F2AE002EB6C6 /* UIScrollView+InfiniteScroll.m in Sources */ = {isa = PBXBuildFile; fileRef = 43A7D0271C735C1B007C8CC0 /* UIScrollView+InfiniteScroll.m */; };
		43F542241CD0F36A002EB6C6 /* BIScrollDetails.h in Headers */ = {isa = PBXBuildFile; fileRef = 43F23F821B9EFCEF00CEAD8C /* BIScrollDetails.h */; settings = {ATTRIBUTES = (Public, ); }; };
		43F542251CD0F36E002EB6C6 /* _BIScrollViewProxy.h in Headers */ = {isa = PBXBuildFile; fileRef = 91614A811B94790400D00EB2 /* _BIScrollViewProxy.h */; settings = {ATTRIBUTES = (Private, ); }; };
		43F542261CD0F372002EB6C6 /* UIScrollView+BIBatching.h in Headers */ = {isa = PBXBuildFile; fileRef = 432001961C7B26C0006A8BB7 /* UIScrollView+BIBatching.h */; settings = {ATTRIBUTES = (Public, ); }; };
		43F542271CD0F377002EB6C6 /* BIScrollAdditionalViewBase.h in Headers */ = {isa = PBXBuildFile; fileRef = 433DEB481C4D1A16002296AE /* BIScrollAdditionalViewBase.h */; settings = {ATTRIBUTES = (Public, ); }; };
		43F542281CD0F379002EB6C6 /* BIScrollAdditionalErrorNoContentView.h in Headers */ = {isa = PBXBuildFile; fileRef = 433DEB4B1C4D1A52002296AE /* BIScrollAdditionalErrorNoContentView.h */; settings = {ATTRIBUTES = (Public, ); }; };
		43F542291CD0F37B002EB6C6 /* BIScrollAdditionalLoadingView.h in Headers */ = {isa = PBXBuildFile; fileRef = 433DEB4E1C4D1A74002296AE /* BIScrollAdditionalLoadingView.h */; settings = {ATTRIBUTES = (Public, ); }; };
		43F5422A1CD0F37D002EB6C6 /* BIScrollAdditionalNoContentView.h in Headers */ = {isa = PBXBuildFile; fileRef = 433DEB511C4D1AA4002296AE /* BIScrollAdditionalNoContentView.h */; settings = {ATTRIBUTES = (Public, ); }; };
		43F5422B1CD0F390002EB6C6 /* BIActivityIndicatorContainerView.h in Headers */ = {isa = PBXBuildFile; fileRef = 91E9ECEA1B94A6BD0009C4F1 /* BIActivityIndicatorContainerView.h */; settings = {ATTRIBUTES = (Public, ); }; };
		43F5422C1CD0F393002EB6C6 /* BITableViewCell.h in Headers */ = {isa = PBXBuildFile; fileRef = 91E517F01B59208F000B51AF /* BITableViewCell.h */; settings = {ATTRIBUTES = (Public, ); }; };
		43F5422D1CD0F395002EB6C6 /* BITableView.h in Headers */ = {isa = PBXBuildFile; fileRef = 91E59B851B5840CD0034824F /* BITableView.h */; settings = {ATTRIBUTES = (Public, ); }; };
		43F5422E1CD0F399002EB6C6 /* _BITableView+Internal.h in Headers */ = {isa = PBXBuildFile; fileRef = 4355334F1B81B87F0052A128 /* _BITableView+Internal.h */; settings = {ATTRIBUTES = (Private, ); }; };
		43F5422F1CD0F3FB002EB6C6 /* BIBatchRequest.h in Headers */ = {isa = PBXBuildFile; fileRef = 43F23F881B9F081200CEAD8C /* BIBatchRequest.h */; settings = {ATTRIBUTES = (Public, ); }; };
		43F542301CD0F3FE002EB6C6 /* BIBatchResponse.h in Headers */ = {isa = PBXBuildFile; fileRef = 43F23F831B9F040C00CEAD8C /* BIBatchResponse.h */; settings = {ATTRIBUTES = (Public, ); }; };
		43F542311CD0F401002EB6C6 /* BIBatchHelpers.h in Headers */ = {isa = PBXBuildFile; fileRef = 43F23F7C1B9EFC0D00CEAD8C /* BIBatchHelpers.h */; settings = {ATTRIBUTES = (Public, ); }; };
		43F542321CD0F411002EB6C6 /* UIView+BILoadXib.h in Headers */ = {isa = PBXBuildFile; fileRef = 91E59B891B58411B0034824F /* UIView+BILoadXib.h */; settings = {ATTRIBUTES = (Public, ); }; };
		43F542331CD0F414002EB6C6 /* NSBundle+BIExtra.h in Headers */ = {isa = PBXBuildFile; fileRef = 43BE6C451B5689C9001F0A00 /* NSBundle+BIExtra.h */; settings = {ATTRIBUTES = (Public, ); }; };
		43F542341CD0F417002EB6C6 /* NSDate+BIAttributedString.h in Headers */ = {isa = PBXBuildFile; fileRef = 43BE6C481B5689C9001F0A00 /* NSDate+BIAttributedString.h */; settings = {ATTRIBUTES = (Public, ); }; };
		43F542351CD0F41A002EB6C6 /* NSString+BIExtra.h in Headers */ = {isa = PBXBuildFile; fileRef = 43BE6C4B1B5689CA001F0A00 /* NSString+BIExtra.h */; settings = {ATTRIBUTES = (Public, ); }; };
		43F542361CD0F422002EB6C6 /* BIDatasourceBase.h in Headers */ = {isa = PBXBuildFile; fileRef = 43BE6C4F1B5689CA001F0A00 /* BIDatasourceBase.h */; settings = {ATTRIBUTES = (Public, ); }; };
		43F542371CD0F423002EB6C6 /* BIDatasourceCollectionView.h in Headers */ = {isa = PBXBuildFile; fileRef = 43BE6C521B5689CA001F0A00 /* BIDatasourceCollectionView.h */; settings = {ATTRIBUTES = (Public, ); }; };
		43F542381CD0F424002EB6C6 /* BIDatasourceFetchedCollectionView.h in Headers */ = {isa = PBXBuildFile; fileRef = 43BE6C541B5689CA001F0A00 /* BIDatasourceFetchedCollectionView.h */; settings = {ATTRIBUTES = (Public, ); }; };
		43F542391CD0F426002EB6C6 /* BIDatasourceFeedCollectionView.h in Headers */ = {isa = PBXBuildFile; fileRef = 91E9ECE71B949D0D0009C4F1 /* BIDatasourceFeedCollectionView.h */; settings = {ATTRIBUTES = (Public, ); }; };
		43F5423A1CD0F427002EB6C6 /* BIDatasourceFeedTableView.h in Headers */ = {isa = PBXBuildFile; fileRef = 43BE6C571B5689CA001F0A00 /* BIDatasourceFeedTableView.h */; settings = {ATTRIBUTES = (Public, ); }; };
		43F5423B1CD0F428002EB6C6 /* BIDatasourceFetchedTableView.h in Headers */ = {isa = PBXBuildFile; fileRef = 43BE6C591B5689CA001F0A00 /* BIDatasourceFetchedTableView.h */; settings = {ATTRIBUTES = (Public, ); }; };
		43F5423C1CD0F429002EB6C6 /* BIDatasourceTableView.h in Headers */ = {isa = PBXBuildFile; fileRef = 43BE6C5B1B5689CA001F0A00 /* BIDatasourceTableView.h */; settings = {ATTRIBUTES = (Public, ); }; };
		43F5423D1CD0F433002EB6C6 /* BIHandlerBase.h in Headers */ = {isa = PBXBuildFile; fileRef = 43BE6C5F1B5689CA001F0A00 /* BIHandlerBase.h */; settings = {ATTRIBUTES = (Public, ); }; };
		43F5423E1CD0F434002EB6C6 /* BIHandlerTableView.h in Headers */ = {isa = PBXBuildFile; fileRef = 43BE6C621B5689CA001F0A00 /* BIHandlerTableView.h */; settings = {ATTRIBUTES = (Public, ); }; };
		43F5423F1CD0F436002EB6C6 /* BIHandlerCollectionView.h in Headers */ = {isa = PBXBuildFile; fileRef = 91614A931B94830600D00EB2 /* BIHandlerCollectionView.h */; settings = {ATTRIBUTES = (Public, ); }; };
		43F542411CD0F441002EB6C6 /* BILifecycle.h in Headers */ = {isa = PBXBuildFile; fileRef = 43BE6C671B5689CA001F0A00 /* BILifecycle.h */; settings = {ATTRIBUTES = (Public, ); }; };
		43F542421CD0F444002EB6C6 /* BIOperationQueue.h in Headers */ = {isa = PBXBuildFile; fileRef = 43BE6C6A1B5689CA001F0A00 /* BIOperationQueue.h */; settings = {ATTRIBUTES = (Public, ); }; };
		43F542431CD0F445002EB6C6 /* BISerialOperationQueue.h in Headers */ = {isa = PBXBuildFile; fileRef = 43BE6C6C1B5689CA001F0A00 /* BISerialOperationQueue.h */; settings = {ATTRIBUTES = (Public, ); }; };
		43F542441CD0F448002EB6C6 /* BIStarterProtocol.h in Headers */ = {isa = PBXBuildFile; fileRef = 43BE6C6F1B5689CA001F0A00 /* BIStarterProtocol.h */; settings = {ATTRIBUTES = (Public, ); }; };
		43F542451CD0F44A002EB6C6 /* BIStartersFactory.h in Headers */ = {isa = PBXBuildFile; fileRef = 43BE6C701B5689CA001F0A00 /* BIStartersFactory.h */; settings = {ATTRIBUTES = (Public, ); }; };
		43F542461CD0F44B002EB6C6 /* BILaunchStartersFactory.h in Headers */ = {isa = PBXBuildFile; fileRef = 9437007D1BCD3F9C0063D2CC /* BILaunchStartersFactory.h */; settings = {ATTRIBUTES = (Public, ); }; };
		43F542471CD0F44F002EB6C6 /* UIScrollView+InfiniteScroll.h in Headers */ = {isa = PBXBuildFile; fileRef = 43A7D0261C735C1B007C8CC0 /* UIScrollView+InfiniteScroll.h */; settings = {ATTRIBUTES = (Public, ); }; };
		43FA5D471CD22DB700FA754E /* BICollectionView.h in Headers */ = {isa = PBXBuildFile; fileRef = 91614A8C1B9481A000D00EB2 /* BICollectionView.h */; settings = {ATTRIBUTES = (Public, ); }; };
		43FA5D481CD22DC400FA754E /* BICollectionViewActivityIndicatorReusableView.h in Headers */ = {isa = PBXBuildFile; fileRef = 91E9ECEE1B94A6F10009C4F1 /* BICollectionViewActivityIndicatorReusableView.h */; settings = {ATTRIBUTES = (Public, ); }; };
		43FA5D4C1CD2310300FA754E /* BIObjCHelpers.h in Headers */ = {isa = PBXBuildFile; fileRef = 43FA5D4A1CD2310300FA754E /* BIObjCHelpers.h */; settings = {ATTRIBUTES = (Public, ); }; };
		43FA5D501CD2320700FA754E /* NSString+RandomTest.m in Sources */ = {isa = PBXBuildFile; fileRef = 43BE6CCA1B568B1F001F0A00 /* NSString+RandomTest.m */; };
		43FA5D511CD2320A00FA754E /* BITestCaseCoreData.m in Sources */ = {isa = PBXBuildFile; fileRef = 43BE6CCD1B568B1F001F0A00 /* BITestCaseCoreData.m */; };
		43FA5D541CD2321E00FA754E /* BITableViewTestCase.m in Sources */ = {isa = PBXBuildFile; fileRef = 43DA594B1B6217F400ECAAC0 /* BITableViewTestCase.m */; };
		43FA5D551CD2322400FA754E /* BIBatchRequestTestCase.m in Sources */ = {isa = PBXBuildFile; fileRef = 43F23F801B9EFC6A00CEAD8C /* BIBatchRequestTestCase.m */; };
		43FA5D561CD2322700FA754E /* BIBatchResponseTestCase.m in Sources */ = {isa = PBXBuildFile; fileRef = 43F23F861B9F062500CEAD8C /* BIBatchResponseTestCase.m */; };
		43FA5D571CD2322900FA754E /* BIBatchHelpersTestCase.m in Sources */ = {isa = PBXBuildFile; fileRef = 914D2CB41B57BB41009A9B4D /* BIBatchHelpersTestCase.m */; };
		43FA5D581CD2323800FA754E /* NSBundleBIExtraTestCase.m in Sources */ = {isa = PBXBuildFile; fileRef = 43BE6CDA1B568ECB001F0A00 /* NSBundleBIExtraTestCase.m */; };
		43FA5D591CD2323B00FA754E /* NSDateBIAttributedStringTestCase.m in Sources */ = {isa = PBXBuildFile; fileRef = 43BE6CDC1B568ECB001F0A00 /* NSDateBIAttributedStringTestCase.m */; };
		43FA5D5A1CD2323E00FA754E /* NSStringBIExtraTestCase.m in Sources */ = {isa = PBXBuildFile; fileRef = 43BE6CDE1B568ECB001F0A00 /* NSStringBIExtraTestCase.m */; };
		43FA5D5B1CD2324300FA754E /* BIDatasourceFetchedCollectionViewTestCase.m in Sources */ = {isa = PBXBuildFile; fileRef = 43BE6CE11B568ECB001F0A00 /* BIDatasourceFetchedCollectionViewTestCase.m */; };
		43FA5D5E1CD2325200FA754E /* BIDatasourceTableViewTestCase.m in Sources */ = {isa = PBXBuildFile; fileRef = 4304A9B51B70D892009739B3 /* BIDatasourceTableViewTestCase.m */; };
		43FA5D5F1CD2325400FA754E /* BIDatasourceFeedTableViewTestCase.m in Sources */ = {isa = PBXBuildFile; fileRef = 43BE6CE61B568ECB001F0A00 /* BIDatasourceFeedTableViewTestCase.m */; };
		43FA5D601CD2325700FA754E /* BIDatasourceFetchedTableViewTestCase.m in Sources */ = {isa = PBXBuildFile; fileRef = 43BE6CE71B568ECB001F0A00 /* BIDatasourceFetchedTableViewTestCase.m */; };
		43FA5D611CD2325B00FA754E /* BIMockDatasourceFeedTableView.m in Sources */ = {isa = PBXBuildFile; fileRef = 43BE6CE91B568ECB001F0A00 /* BIMockDatasourceFeedTableView.m */; };
		43FA5D621CD2326000FA754E /* BIHandlerTableViewTestCase.m in Sources */ = {isa = PBXBuildFile; fileRef = 43BE6CEC1B568ECB001F0A00 /* BIHandlerTableViewTestCase.m */; };
		43FA5D631CD2326400FA754E /* BILifecycleTestCase.m in Sources */ = {isa = PBXBuildFile; fileRef = 43BE6CEE1B568ECB001F0A00 /* BILifecycleTestCase.m */; };
		43FA5D641CD2326800FA754E /* BISerialOperationQueueTestCase.m in Sources */ = {isa = PBXBuildFile; fileRef = 43BE6CF11B568ECB001F0A00 /* BISerialOperationQueueTestCase.m */; };
		43FA5D651CD2326A00FA754E /* BIOperationQueueTestCase.m in Sources */ = {isa = PBXBuildFile; fileRef = 43BE6CF01B568ECB001F0A00 /* BIOperationQueueTestCase.m */; };
		43FA5D661CD2326F00FA754E /* BIStartersFactoryTestCase.m in Sources */ = {isa = PBXBuildFile; fileRef = 43BE6CF31B568ECB001F0A00 /* BIStartersFactoryTestCase.m */; };
		43FA5D671CD2327200FA754E /* BILaunchStartersFactoryTestCase.m in Sources */ = {isa = PBXBuildFile; fileRef = 943700831BCD4E250063D2CC /* BILaunchStartersFactoryTestCase.m */; };
		43FA5D681CD2327600FA754E /* BIMockStarter.m in Sources */ = {isa = PBXBuildFile; fileRef = 43BE6CF61B568ECB001F0A00 /* BIMockStarter.m */; };
		43FA5D691CD2381E00FA754E /* DefaultData.plist in Resources */ = {isa = PBXBuildFile; fileRef = 43BE6CD31B568CC7001F0A00 /* DefaultData.plist */; };
/* End PBXBuildFile section */

/* Begin PBXContainerItemProxy section */
		43F541CE1CD0F276002EB6C6 /* PBXContainerItemProxy */ = {
			isa = PBXContainerItemProxy;
			containerPortal = 43BE6C1D1B56882B001F0A00 /* Project object */;
			proxyType = 1;
			remoteGlobalIDString = 43F541C21CD0F275002EB6C6;
			remoteInfo = BIObjCHelpersFramework;
		};
/* End PBXContainerItemProxy section */

/* Begin PBXFileReference section */
		4304A9B51B70D892009739B3 /* BIDatasourceTableViewTestCase.m */ = {isa = PBXFileReference; fileEncoding = 4; lastKnownFileType = sourcecode.c.objc; path = BIDatasourceTableViewTestCase.m; sourceTree = "<group>"; };
		431124901CE36CDC00950918 /* BIOperationNotifier.h */ = {isa = PBXFileReference; fileEncoding = 4; lastKnownFileType = sourcecode.c.h; name = BIOperationNotifier.h; path = Operations/BIOperationNotifier.h; sourceTree = "<group>"; };
		431124911CE36CDC00950918 /* BIOperationNotifier.m */ = {isa = PBXFileReference; fileEncoding = 4; lastKnownFileType = sourcecode.c.objc; name = BIOperationNotifier.m; path = Operations/BIOperationNotifier.m; sourceTree = "<group>"; };
		432001961C7B26C0006A8BB7 /* UIScrollView+BIBatching.h */ = {isa = PBXFileReference; fileEncoding = 4; lastKnownFileType = sourcecode.c.h; name = "UIScrollView+BIBatching.h"; path = "Views/ScrollView/UIScrollView+BIBatching.h"; sourceTree = "<group>"; };
		432001971C7B26C0006A8BB7 /* UIScrollView+BIBatching.m */ = {isa = PBXFileReference; fileEncoding = 4; lastKnownFileType = sourcecode.c.objc; name = "UIScrollView+BIBatching.m"; path = "Views/ScrollView/UIScrollView+BIBatching.m"; sourceTree = "<group>"; };
		433DEB481C4D1A16002296AE /* BIScrollAdditionalViewBase.h */ = {isa = PBXFileReference; fileEncoding = 4; lastKnownFileType = sourcecode.c.h; name = BIScrollAdditionalViewBase.h; path = Views/TableView/Additions/BIScrollAdditionalViewBase.h; sourceTree = "<group>"; };
		433DEB491C4D1A16002296AE /* BIScrollAdditionalViewBase.m */ = {isa = PBXFileReference; fileEncoding = 4; lastKnownFileType = sourcecode.c.objc; name = BIScrollAdditionalViewBase.m; path = Views/TableView/Additions/BIScrollAdditionalViewBase.m; sourceTree = "<group>"; };
		433DEB4B1C4D1A52002296AE /* BIScrollAdditionalErrorNoContentView.h */ = {isa = PBXFileReference; fileEncoding = 4; lastKnownFileType = sourcecode.c.h; name = BIScrollAdditionalErrorNoContentView.h; path = Views/TableView/Additions/BIScrollAdditionalErrorNoContentView.h; sourceTree = "<group>"; };
		433DEB4C1C4D1A52002296AE /* BIScrollAdditionalErrorNoContentView.m */ = {isa = PBXFileReference; fileEncoding = 4; lastKnownFileType = sourcecode.c.objc; name = BIScrollAdditionalErrorNoContentView.m; path = Views/TableView/Additions/BIScrollAdditionalErrorNoContentView.m; sourceTree = "<group>"; };
		433DEB4E1C4D1A74002296AE /* BIScrollAdditionalLoadingView.h */ = {isa = PBXFileReference; fileEncoding = 4; lastKnownFileType = sourcecode.c.h; name = BIScrollAdditionalLoadingView.h; path = Views/TableView/Additions/BIScrollAdditionalLoadingView.h; sourceTree = "<group>"; };
		433DEB4F1C4D1A74002296AE /* BIScrollAdditionalLoadingView.m */ = {isa = PBXFileReference; fileEncoding = 4; lastKnownFileType = sourcecode.c.objc; name = BIScrollAdditionalLoadingView.m; path = Views/TableView/Additions/BIScrollAdditionalLoadingView.m; sourceTree = "<group>"; };
		433DEB511C4D1AA4002296AE /* BIScrollAdditionalNoContentView.h */ = {isa = PBXFileReference; fileEncoding = 4; lastKnownFileType = sourcecode.c.h; name = BIScrollAdditionalNoContentView.h; path = Views/TableView/Additions/BIScrollAdditionalNoContentView.h; sourceTree = "<group>"; };
		433DEB521C4D1AA4002296AE /* BIScrollAdditionalNoContentView.m */ = {isa = PBXFileReference; fileEncoding = 4; lastKnownFileType = sourcecode.c.objc; name = BIScrollAdditionalNoContentView.m; path = Views/TableView/Additions/BIScrollAdditionalNoContentView.m; sourceTree = "<group>"; };
		4355334F1B81B87F0052A128 /* _BITableView+Internal.h */ = {isa = PBXFileReference; fileEncoding = 4; lastKnownFileType = sourcecode.c.h; name = "_BITableView+Internal.h"; path = "Views/TableView/_BITableView+Internal.h"; sourceTree = "<group>"; };
		436E442C1D0A90BD008A39FD /* BIDatasourceFetchedFeedTableView.h */ = {isa = PBXFileReference; fileEncoding = 4; lastKnownFileType = sourcecode.c.h; path = BIDatasourceFetchedFeedTableView.h; sourceTree = "<group>"; };
		436E442D1D0A90BD008A39FD /* BIDatasourceFetchedFeedTableView.m */ = {isa = PBXFileReference; fileEncoding = 4; lastKnownFileType = sourcecode.c.objc; path = BIDatasourceFetchedFeedTableView.m; sourceTree = "<group>"; };
		436E44301D0A9140008A39FD /* BITableViewUtils.h */ = {isa = PBXFileReference; lastKnownFileType = sourcecode.c.h; name = BITableViewUtils.h; path = Utils/BITableViewUtils.h; sourceTree = "<group>"; };
		43A5B5511CFD6EF900F79359 /* BIOperationBase.h */ = {isa = PBXFileReference; fileEncoding = 4; lastKnownFileType = sourcecode.c.h; name = BIOperationBase.h; path = Operations/BIOperationBase.h; sourceTree = "<group>"; };
		43A5B5521CFD6EF900F79359 /* BIOperationBase.m */ = {isa = PBXFileReference; fileEncoding = 4; lastKnownFileType = sourcecode.c.objc; name = BIOperationBase.m; path = Operations/BIOperationBase.m; sourceTree = "<group>"; };
		43A5B5561CFD733300F79359 /* BIOperationBaseTestCase.m */ = {isa = PBXFileReference; fileEncoding = 4; lastKnownFileType = sourcecode.c.objc; name = BIOperationBaseTestCase.m; path = Operations/BIOperationBaseTestCase.m; sourceTree = "<group>"; };
		43A7D0251C735C1B007C8CC0 /* LICENSE.txt */ = {isa = PBXFileReference; fileEncoding = 4; lastKnownFileType = text; path = LICENSE.txt; sourceTree = "<group>"; };
		43A7D0261C735C1B007C8CC0 /* UIScrollView+InfiniteScroll.h */ = {isa = PBXFileReference; fileEncoding = 4; lastKnownFileType = sourcecode.c.h; path = "UIScrollView+InfiniteScroll.h"; sourceTree = "<group>"; };
		43A7D0271C735C1B007C8CC0 /* UIScrollView+InfiniteScroll.m */ = {isa = PBXFileReference; fileEncoding = 4; lastKnownFileType = sourcecode.c.objc; path = "UIScrollView+InfiniteScroll.m"; sourceTree = "<group>"; };
		43BE6C361B56882B001F0A00 /* Info.plist */ = {isa = PBXFileReference; lastKnownFileType = text.plist.xml; name = Info.plist; path = SupportingFiles/Info.plist; sourceTree = "<group>"; };
		43BE6C451B5689C9001F0A00 /* NSBundle+BIExtra.h */ = {isa = PBXFileReference; fileEncoding = 4; lastKnownFileType = sourcecode.c.h; path = "NSBundle+BIExtra.h"; sourceTree = "<group>"; };
		43BE6C461B5689C9001F0A00 /* NSBundle+BIExtra.m */ = {isa = PBXFileReference; fileEncoding = 4; lastKnownFileType = sourcecode.c.objc; path = "NSBundle+BIExtra.m"; sourceTree = "<group>"; };
		43BE6C481B5689C9001F0A00 /* NSDate+BIAttributedString.h */ = {isa = PBXFileReference; fileEncoding = 4; lastKnownFileType = sourcecode.c.h; path = "NSDate+BIAttributedString.h"; sourceTree = "<group>"; };
		43BE6C491B5689CA001F0A00 /* NSDate+BIAttributedString.m */ = {isa = PBXFileReference; fileEncoding = 4; lastKnownFileType = sourcecode.c.objc; path = "NSDate+BIAttributedString.m"; sourceTree = "<group>"; };
		43BE6C4B1B5689CA001F0A00 /* NSString+BIExtra.h */ = {isa = PBXFileReference; fileEncoding = 4; lastKnownFileType = sourcecode.c.h; path = "NSString+BIExtra.h"; sourceTree = "<group>"; };
		43BE6C4C1B5689CA001F0A00 /* NSString+BIExtra.m */ = {isa = PBXFileReference; fileEncoding = 4; lastKnownFileType = sourcecode.c.objc; path = "NSString+BIExtra.m"; sourceTree = "<group>"; };
		43BE6C4F1B5689CA001F0A00 /* BIDatasourceBase.h */ = {isa = PBXFileReference; fileEncoding = 4; lastKnownFileType = sourcecode.c.h; path = BIDatasourceBase.h; sourceTree = "<group>"; };
		43BE6C501B5689CA001F0A00 /* BIDatasourceBase.m */ = {isa = PBXFileReference; fileEncoding = 4; lastKnownFileType = sourcecode.c.objc; path = BIDatasourceBase.m; sourceTree = "<group>"; };
		43BE6C521B5689CA001F0A00 /* BIDatasourceCollectionView.h */ = {isa = PBXFileReference; fileEncoding = 4; lastKnownFileType = sourcecode.c.h; path = BIDatasourceCollectionView.h; sourceTree = "<group>"; };
		43BE6C531B5689CA001F0A00 /* BIDatasourceCollectionView.m */ = {isa = PBXFileReference; fileEncoding = 4; lastKnownFileType = sourcecode.c.objc; path = BIDatasourceCollectionView.m; sourceTree = "<group>"; };
		43BE6C541B5689CA001F0A00 /* BIDatasourceFetchedCollectionView.h */ = {isa = PBXFileReference; fileEncoding = 4; lastKnownFileType = sourcecode.c.h; path = BIDatasourceFetchedCollectionView.h; sourceTree = "<group>"; };
		43BE6C551B5689CA001F0A00 /* BIDatasourceFetchedCollectionView.m */ = {isa = PBXFileReference; fileEncoding = 4; lastKnownFileType = sourcecode.c.objc; path = BIDatasourceFetchedCollectionView.m; sourceTree = "<group>"; };
		43BE6C571B5689CA001F0A00 /* BIDatasourceFeedTableView.h */ = {isa = PBXFileReference; fileEncoding = 4; lastKnownFileType = sourcecode.c.h; path = BIDatasourceFeedTableView.h; sourceTree = "<group>"; };
		43BE6C581B5689CA001F0A00 /* BIDatasourceFeedTableView.m */ = {isa = PBXFileReference; fileEncoding = 4; lastKnownFileType = sourcecode.c.objc; path = BIDatasourceFeedTableView.m; sourceTree = "<group>"; };
		43BE6C591B5689CA001F0A00 /* BIDatasourceFetchedTableView.h */ = {isa = PBXFileReference; fileEncoding = 4; lastKnownFileType = sourcecode.c.h; path = BIDatasourceFetchedTableView.h; sourceTree = "<group>"; };
		43BE6C5A1B5689CA001F0A00 /* BIDatasourceFetchedTableView.m */ = {isa = PBXFileReference; fileEncoding = 4; lastKnownFileType = sourcecode.c.objc; path = BIDatasourceFetchedTableView.m; sourceTree = "<group>"; };
		43BE6C5B1B5689CA001F0A00 /* BIDatasourceTableView.h */ = {isa = PBXFileReference; fileEncoding = 4; lastKnownFileType = sourcecode.c.h; path = BIDatasourceTableView.h; sourceTree = "<group>"; };
		43BE6C5C1B5689CA001F0A00 /* BIDatasourceTableView.m */ = {isa = PBXFileReference; fileEncoding = 4; lastKnownFileType = sourcecode.c.objc; path = BIDatasourceTableView.m; sourceTree = "<group>"; };
		43BE6C5F1B5689CA001F0A00 /* BIHandlerBase.h */ = {isa = PBXFileReference; fileEncoding = 4; lastKnownFileType = sourcecode.c.h; path = BIHandlerBase.h; sourceTree = "<group>"; };
		43BE6C601B5689CA001F0A00 /* BIHandlerBase.m */ = {isa = PBXFileReference; fileEncoding = 4; lastKnownFileType = sourcecode.c.objc; path = BIHandlerBase.m; sourceTree = "<group>"; };
		43BE6C621B5689CA001F0A00 /* BIHandlerTableView.h */ = {isa = PBXFileReference; fileEncoding = 4; lastKnownFileType = sourcecode.c.h; path = BIHandlerTableView.h; sourceTree = "<group>"; };
		43BE6C631B5689CA001F0A00 /* BIHandlerTableView.m */ = {isa = PBXFileReference; fileEncoding = 4; lastKnownFileType = sourcecode.c.objc; path = BIHandlerTableView.m; sourceTree = "<group>"; };
		43BE6C671B5689CA001F0A00 /* BILifecycle.h */ = {isa = PBXFileReference; fileEncoding = 4; lastKnownFileType = sourcecode.c.h; path = BILifecycle.h; sourceTree = "<group>"; };
		43BE6C681B5689CA001F0A00 /* BILifecycle.m */ = {isa = PBXFileReference; fileEncoding = 4; lastKnownFileType = sourcecode.c.objc; path = BILifecycle.m; sourceTree = "<group>"; };
		43BE6C6A1B5689CA001F0A00 /* BIOperationQueue.h */ = {isa = PBXFileReference; fileEncoding = 4; lastKnownFileType = sourcecode.c.h; path = BIOperationQueue.h; sourceTree = "<group>"; };
		43BE6C6B1B5689CA001F0A00 /* BIOperationQueue.m */ = {isa = PBXFileReference; fileEncoding = 4; lastKnownFileType = sourcecode.c.objc; path = BIOperationQueue.m; sourceTree = "<group>"; };
		43BE6C6C1B5689CA001F0A00 /* BISerialOperationQueue.h */ = {isa = PBXFileReference; fileEncoding = 4; lastKnownFileType = sourcecode.c.h; path = BISerialOperationQueue.h; sourceTree = "<group>"; };
		43BE6C6D1B5689CA001F0A00 /* BISerialOperationQueue.m */ = {isa = PBXFileReference; fileEncoding = 4; lastKnownFileType = sourcecode.c.objc; path = BISerialOperationQueue.m; sourceTree = "<group>"; };
		43BE6C6F1B5689CA001F0A00 /* BIStarterProtocol.h */ = {isa = PBXFileReference; fileEncoding = 4; lastKnownFileType = sourcecode.c.h; path = BIStarterProtocol.h; sourceTree = "<group>"; };
		43BE6C701B5689CA001F0A00 /* BIStartersFactory.h */ = {isa = PBXFileReference; fileEncoding = 4; lastKnownFileType = sourcecode.c.h; path = BIStartersFactory.h; sourceTree = "<group>"; };
		43BE6C711B5689CA001F0A00 /* BIStartersFactory.m */ = {isa = PBXFileReference; fileEncoding = 4; lastKnownFileType = sourcecode.c.objc; path = BIStartersFactory.m; sourceTree = "<group>"; };
		43BE6CC91B568B1F001F0A00 /* NSString+RandomTest.h */ = {isa = PBXFileReference; fileEncoding = 4; lastKnownFileType = sourcecode.c.h; path = "NSString+RandomTest.h"; sourceTree = "<group>"; };
		43BE6CCA1B568B1F001F0A00 /* NSString+RandomTest.m */ = {isa = PBXFileReference; fileEncoding = 4; lastKnownFileType = sourcecode.c.objc; path = "NSString+RandomTest.m"; sourceTree = "<group>"; };
		43BE6CCC1B568B1F001F0A00 /* BITestCaseCoreData.h */ = {isa = PBXFileReference; fileEncoding = 4; lastKnownFileType = sourcecode.c.h; path = BITestCaseCoreData.h; sourceTree = "<group>"; };
		43BE6CCD1B568B1F001F0A00 /* BITestCaseCoreData.m */ = {isa = PBXFileReference; fileEncoding = 4; lastKnownFileType = sourcecode.c.objc; path = BITestCaseCoreData.m; sourceTree = "<group>"; };
		43BE6CD31B568CC7001F0A00 /* DefaultData.plist */ = {isa = PBXFileReference; fileEncoding = 4; lastKnownFileType = text.plist.xml; path = DefaultData.plist; sourceTree = "<group>"; };
		43BE6CDA1B568ECB001F0A00 /* NSBundleBIExtraTestCase.m */ = {isa = PBXFileReference; fileEncoding = 4; lastKnownFileType = sourcecode.c.objc; path = NSBundleBIExtraTestCase.m; sourceTree = "<group>"; };
		43BE6CDC1B568ECB001F0A00 /* NSDateBIAttributedStringTestCase.m */ = {isa = PBXFileReference; fileEncoding = 4; lastKnownFileType = sourcecode.c.objc; path = NSDateBIAttributedStringTestCase.m; sourceTree = "<group>"; };
		43BE6CDE1B568ECB001F0A00 /* NSStringBIExtraTestCase.m */ = {isa = PBXFileReference; fileEncoding = 4; lastKnownFileType = sourcecode.c.objc; path = NSStringBIExtraTestCase.m; sourceTree = "<group>"; };
		43BE6CE11B568ECB001F0A00 /* BIDatasourceFetchedCollectionViewTestCase.m */ = {isa = PBXFileReference; fileEncoding = 4; lastKnownFileType = sourcecode.c.objc; path = BIDatasourceFetchedCollectionViewTestCase.m; sourceTree = "<group>"; };
		43BE6CE61B568ECB001F0A00 /* BIDatasourceFeedTableViewTestCase.m */ = {isa = PBXFileReference; fileEncoding = 4; lastKnownFileType = sourcecode.c.objc; path = BIDatasourceFeedTableViewTestCase.m; sourceTree = "<group>"; };
		43BE6CE71B568ECB001F0A00 /* BIDatasourceFetchedTableViewTestCase.m */ = {isa = PBXFileReference; fileEncoding = 4; lastKnownFileType = sourcecode.c.objc; path = BIDatasourceFetchedTableViewTestCase.m; sourceTree = "<group>"; };
		43BE6CE81B568ECB001F0A00 /* BIMockDatasourceFeedTableView.h */ = {isa = PBXFileReference; fileEncoding = 4; lastKnownFileType = sourcecode.c.h; path = BIMockDatasourceFeedTableView.h; sourceTree = "<group>"; };
		43BE6CE91B568ECB001F0A00 /* BIMockDatasourceFeedTableView.m */ = {isa = PBXFileReference; fileEncoding = 4; lastKnownFileType = sourcecode.c.objc; path = BIMockDatasourceFeedTableView.m; sourceTree = "<group>"; };
		43BE6CEC1B568ECB001F0A00 /* BIHandlerTableViewTestCase.m */ = {isa = PBXFileReference; fileEncoding = 4; lastKnownFileType = sourcecode.c.objc; path = BIHandlerTableViewTestCase.m; sourceTree = "<group>"; };
		43BE6CEE1B568ECB001F0A00 /* BILifecycleTestCase.m */ = {isa = PBXFileReference; fileEncoding = 4; lastKnownFileType = sourcecode.c.objc; path = BILifecycleTestCase.m; sourceTree = "<group>"; };
		43BE6CF01B568ECB001F0A00 /* BIOperationQueueTestCase.m */ = {isa = PBXFileReference; fileEncoding = 4; lastKnownFileType = sourcecode.c.objc; path = BIOperationQueueTestCase.m; sourceTree = "<group>"; };
		43BE6CF11B568ECB001F0A00 /* BISerialOperationQueueTestCase.m */ = {isa = PBXFileReference; fileEncoding = 4; lastKnownFileType = sourcecode.c.objc; path = BISerialOperationQueueTestCase.m; sourceTree = "<group>"; };
		43BE6CF31B568ECB001F0A00 /* BIStartersFactoryTestCase.m */ = {isa = PBXFileReference; fileEncoding = 4; lastKnownFileType = sourcecode.c.objc; path = BIStartersFactoryTestCase.m; sourceTree = "<group>"; };
		43BE6CF51B568ECB001F0A00 /* BIMockStarter.h */ = {isa = PBXFileReference; fileEncoding = 4; lastKnownFileType = sourcecode.c.h; path = BIMockStarter.h; sourceTree = "<group>"; };
		43BE6CF61B568ECB001F0A00 /* BIMockStarter.m */ = {isa = PBXFileReference; fileEncoding = 4; lastKnownFileType = sourcecode.c.objc; path = BIMockStarter.m; sourceTree = "<group>"; };
		43D3BFE01D12DD5B000C840C /* MockUITableView.h */ = {isa = PBXFileReference; fileEncoding = 4; lastKnownFileType = sourcecode.c.h; name = MockUITableView.h; path = Mocks/UIKit/UITableView/MockUITableView.h; sourceTree = "<group>"; };
		43D3BFE11D12DD5B000C840C /* MockUITableView.m */ = {isa = PBXFileReference; fileEncoding = 4; lastKnownFileType = sourcecode.c.objc; name = MockUITableView.m; path = Mocks/UIKit/UITableView/MockUITableView.m; sourceTree = "<group>"; };
		43D3BFE41D12DDC1000C840C /* MockUICollectionView.h */ = {isa = PBXFileReference; fileEncoding = 4; lastKnownFileType = sourcecode.c.h; name = MockUICollectionView.h; path = Mocks/UIKit/UICollectionView/MockUICollectionView.h; sourceTree = "<group>"; };
		43D3BFE51D12DDC1000C840C /* MockUICollectionView.m */ = {isa = PBXFileReference; fileEncoding = 4; lastKnownFileType = sourcecode.c.objc; name = MockUICollectionView.m; path = Mocks/UIKit/UICollectionView/MockUICollectionView.m; sourceTree = "<group>"; };
		43D3BFE91D12DF5D000C840C /* MockBIHandlerTableView.h */ = {isa = PBXFileReference; fileEncoding = 4; lastKnownFileType = sourcecode.c.h; path = MockBIHandlerTableView.h; sourceTree = "<group>"; };
		43D3BFEA1D12DF5D000C840C /* MockBIHandlerTableView.m */ = {isa = PBXFileReference; fileEncoding = 4; lastKnownFileType = sourcecode.c.objc; path = MockBIHandlerTableView.m; sourceTree = "<group>"; };
		43D3BFED1D12E0B1000C840C /* MockNSFetchedResultsSectionInfo.h */ = {isa = PBXFileReference; fileEncoding = 4; lastKnownFileType = sourcecode.c.h; name = MockNSFetchedResultsSectionInfo.h; path = Mocks/CoreData/NSFetchedResultsSectionInfo/MockNSFetchedResultsSectionInfo.h; sourceTree = "<group>"; };
		43D3BFEE1D12E0B1000C840C /* MockNSFetchedResultsSectionInfo.m */ = {isa = PBXFileReference; fileEncoding = 4; lastKnownFileType = sourcecode.c.objc; name = MockNSFetchedResultsSectionInfo.m; path = Mocks/CoreData/NSFetchedResultsSectionInfo/MockNSFetchedResultsSectionInfo.m; sourceTree = "<group>"; };
		43D3BFF11D12E0DB000C840C /* MockNSFetchedResultsController.h */ = {isa = PBXFileReference; fileEncoding = 4; lastKnownFileType = sourcecode.c.h; path = MockNSFetchedResultsController.h; sourceTree = "<group>"; };
		43D3BFF21D12E0DB000C840C /* MockNSFetchedResultsController.m */ = {isa = PBXFileReference; fileEncoding = 4; lastKnownFileType = sourcecode.c.objc; path = MockNSFetchedResultsController.m; sourceTree = "<group>"; };
		43D3BFF51D12E592000C840C /* MockUINib.h */ = {isa = PBXFileReference; fileEncoding = 4; lastKnownFileType = sourcecode.c.h; name = MockUINib.h; path = Mocks/UIKit/UINib/MockUINib.h; sourceTree = "<group>"; };
		43D3BFF61D12E592000C840C /* MockUINib.m */ = {isa = PBXFileReference; fileEncoding = 4; lastKnownFileType = sourcecode.c.objc; name = MockUINib.m; path = Mocks/UIKit/UINib/MockUINib.m; sourceTree = "<group>"; };
		43D3BFFA1D12FCC0000C840C /* MockBITableView.h */ = {isa = PBXFileReference; fileEncoding = 4; lastKnownFileType = sourcecode.c.h; name = MockBITableView.h; path = Mocks/Views/TableView/MockBITableView.h; sourceTree = "<group>"; };
		43D3BFFB1D12FCC0000C840C /* MockBITableView.m */ = {isa = PBXFileReference; fileEncoding = 4; lastKnownFileType = sourcecode.c.objc; name = MockBITableView.m; path = Mocks/Views/TableView/MockBITableView.m; sourceTree = "<group>"; };
		43D3BFFD1D1A8080000C840C /* BIOperationNotifierTestCase.m */ = {isa = PBXFileReference; fileEncoding = 4; lastKnownFileType = sourcecode.c.objc; name = BIOperationNotifierTestCase.m; path = Operations/BIOperationNotifierTestCase.m; sourceTree = "<group>"; };
		43D3C0001D1A8143000C840C /* MockBIOperationNotifierListener.h */ = {isa = PBXFileReference; fileEncoding = 4; lastKnownFileType = sourcecode.c.h; name = MockBIOperationNotifierListener.h; path = Mocks/Operations/MockBIOperationNotifierListener.h; sourceTree = "<group>"; };
		43D3C0011D1A8143000C840C /* MockBIOperationNotifierListener.m */ = {isa = PBXFileReference; fileEncoding = 4; lastKnownFileType = sourcecode.c.objc; name = MockBIOperationNotifierListener.m; path = Mocks/Operations/MockBIOperationNotifierListener.m; sourceTree = "<group>"; };
		43D3C0031D1A8287000C840C /* BIOperationNotifier+Tests.h */ = {isa = PBXFileReference; fileEncoding = 4; lastKnownFileType = sourcecode.c.h; name = "BIOperationNotifier+Tests.h"; path = "Operations/BIOperationNotifier+Tests.h"; sourceTree = "<group>"; };
		43D3C0071D1A832C000C840C /* BIDatasourceBaseTestCase.m */ = {isa = PBXFileReference; fileEncoding = 4; lastKnownFileType = sourcecode.c.objc; name = BIDatasourceBaseTestCase.m; path = Base/BIDatasourceBaseTestCase.m; sourceTree = "<group>"; };
		43DA594B1B6217F400ECAAC0 /* BITableViewTestCase.m */ = {isa = PBXFileReference; fileEncoding = 4; lastKnownFileType = sourcecode.c.objc; name = BITableViewTestCase.m; path = Views/TableView/BITableViewTestCase.m; sourceTree = "<group>"; };
		43F23F7C1B9EFC0D00CEAD8C /* BIBatchHelpers.h */ = {isa = PBXFileReference; fileEncoding = 4; lastKnownFileType = sourcecode.c.h; path = BIBatchHelpers.h; sourceTree = "<group>"; };
		43F23F7D1B9EFC0D00CEAD8C /* BIBatchHelpers.m */ = {isa = PBXFileReference; fileEncoding = 4; lastKnownFileType = sourcecode.c.objc; path = BIBatchHelpers.m; sourceTree = "<group>"; };
		43F23F801B9EFC6A00CEAD8C /* BIBatchRequestTestCase.m */ = {isa = PBXFileReference; fileEncoding = 4; lastKnownFileType = sourcecode.c.objc; path = BIBatchRequestTestCase.m; sourceTree = "<group>"; };
		43F23F821B9EFCEF00CEAD8C /* BIScrollDetails.h */ = {isa = PBXFileReference; lastKnownFileType = sourcecode.c.h; name = BIScrollDetails.h; path = Utils/BIScrollDetails.h; sourceTree = "<group>"; };
		43F23F831B9F040C00CEAD8C /* BIBatchResponse.h */ = {isa = PBXFileReference; fileEncoding = 4; lastKnownFileType = sourcecode.c.h; path = BIBatchResponse.h; sourceTree = "<group>"; };
		43F23F841B9F040C00CEAD8C /* BIBatchResponse.m */ = {isa = PBXFileReference; fileEncoding = 4; lastKnownFileType = sourcecode.c.objc; path = BIBatchResponse.m; sourceTree = "<group>"; };
		43F23F861B9F062500CEAD8C /* BIBatchResponseTestCase.m */ = {isa = PBXFileReference; fileEncoding = 4; lastKnownFileType = sourcecode.c.objc; path = BIBatchResponseTestCase.m; sourceTree = "<group>"; };
		43F23F881B9F081200CEAD8C /* BIBatchRequest.h */ = {isa = PBXFileReference; fileEncoding = 4; lastKnownFileType = sourcecode.c.h; path = BIBatchRequest.h; sourceTree = "<group>"; };
		43F23F891B9F081200CEAD8C /* BIBatchRequest.m */ = {isa = PBXFileReference; fileEncoding = 4; lastKnownFileType = sourcecode.c.objc; path = BIBatchRequest.m; sourceTree = "<group>"; };
		43F541C31CD0F275002EB6C6 /* BIObjCHelpers.framework */ = {isa = PBXFileReference; explicitFileType = wrapper.framework; includeInIndex = 0; path = BIObjCHelpers.framework; sourceTree = BUILT_PRODUCTS_DIR; };
		43F541CC1CD0F276002EB6C6 /* BIObjCHelpersTests.xctest */ = {isa = PBXFileReference; explicitFileType = wrapper.cfbundle; includeInIndex = 0; path = BIObjCHelpersTests.xctest; sourceTree = BUILT_PRODUCTS_DIR; };
		43FA5D4A1CD2310300FA754E /* BIObjCHelpers.h */ = {isa = PBXFileReference; fileEncoding = 4; lastKnownFileType = sourcecode.c.h; path = BIObjCHelpers.h; sourceTree = "<group>"; };
		43FA5D4B1CD2310300FA754E /* Info.plist */ = {isa = PBXFileReference; fileEncoding = 4; lastKnownFileType = text.plist.xml; path = Info.plist; sourceTree = "<group>"; };
		914D2CB41B57BB41009A9B4D /* BIBatchHelpersTestCase.m */ = {isa = PBXFileReference; fileEncoding = 4; lastKnownFileType = sourcecode.c.objc; path = BIBatchHelpersTestCase.m; sourceTree = "<group>"; };
		91614A811B94790400D00EB2 /* _BIScrollViewProxy.h */ = {isa = PBXFileReference; fileEncoding = 4; lastKnownFileType = sourcecode.c.h; name = _BIScrollViewProxy.h; path = Utils/Proxy/_BIScrollViewProxy.h; sourceTree = "<group>"; };
		91614A821B94790400D00EB2 /* _BIScrollViewProxy.m */ = {isa = PBXFileReference; fileEncoding = 4; lastKnownFileType = sourcecode.c.objc; name = _BIScrollViewProxy.m; path = Utils/Proxy/_BIScrollViewProxy.m; sourceTree = "<group>"; };
		91614A8C1B9481A000D00EB2 /* BICollectionView.h */ = {isa = PBXFileReference; fileEncoding = 4; lastKnownFileType = sourcecode.c.h; name = BICollectionView.h; path = Views/CollectionView/BICollectionView.h; sourceTree = "<group>"; };
		91614A8D1B9481A000D00EB2 /* BICollectionView.m */ = {isa = PBXFileReference; fileEncoding = 4; lastKnownFileType = sourcecode.c.objc; name = BICollectionView.m; path = Views/CollectionView/BICollectionView.m; sourceTree = "<group>"; };
		91614A8F1B9481C000D00EB2 /* _BICollectionView+Internal.h */ = {isa = PBXFileReference; fileEncoding = 4; lastKnownFileType = sourcecode.c.h; name = "_BICollectionView+Internal.h"; path = "Views/CollectionView/_BICollectionView+Internal.h"; sourceTree = "<group>"; };
		91614A931B94830600D00EB2 /* BIHandlerCollectionView.h */ = {isa = PBXFileReference; fileEncoding = 4; lastKnownFileType = sourcecode.c.h; name = BIHandlerCollectionView.h; path = CollectionView/BIHandlerCollectionView.h; sourceTree = "<group>"; };
		91614A941B94830600D00EB2 /* BIHandlerCollectionView.m */ = {isa = PBXFileReference; fileEncoding = 4; lastKnownFileType = sourcecode.c.objc; name = BIHandlerCollectionView.m; path = CollectionView/BIHandlerCollectionView.m; sourceTree = "<group>"; };
		91E517F01B59208F000B51AF /* BITableViewCell.h */ = {isa = PBXFileReference; fileEncoding = 4; lastKnownFileType = sourcecode.c.h; name = BITableViewCell.h; path = Views/TableView/Cell/BITableViewCell.h; sourceTree = "<group>"; };
		91E517F11B59208F000B51AF /* BITableViewCell.m */ = {isa = PBXFileReference; fileEncoding = 4; lastKnownFileType = sourcecode.c.objc; name = BITableViewCell.m; path = Views/TableView/Cell/BITableViewCell.m; sourceTree = "<group>"; };
		91E59B851B5840CD0034824F /* BITableView.h */ = {isa = PBXFileReference; fileEncoding = 4; lastKnownFileType = sourcecode.c.h; name = BITableView.h; path = Views/TableView/BITableView.h; sourceTree = "<group>"; };
		91E59B861B5840CD0034824F /* BITableView.m */ = {isa = PBXFileReference; fileEncoding = 4; lastKnownFileType = sourcecode.c.objc; name = BITableView.m; path = Views/TableView/BITableView.m; sourceTree = "<group>"; };
		91E59B891B58411B0034824F /* UIView+BILoadXib.h */ = {isa = PBXFileReference; fileEncoding = 4; lastKnownFileType = sourcecode.c.h; name = "UIView+BILoadXib.h"; path = "UIView/UIView+BILoadXib.h"; sourceTree = "<group>"; };
		91E59B8A1B58411B0034824F /* UIView+BILoadXib.m */ = {isa = PBXFileReference; fileEncoding = 4; lastKnownFileType = sourcecode.c.objc; name = "UIView+BILoadXib.m"; path = "UIView/UIView+BILoadXib.m"; sourceTree = "<group>"; };
		91E9ECE71B949D0D0009C4F1 /* BIDatasourceFeedCollectionView.h */ = {isa = PBXFileReference; fileEncoding = 4; lastKnownFileType = sourcecode.c.h; path = BIDatasourceFeedCollectionView.h; sourceTree = "<group>"; };
		91E9ECE81B949D0D0009C4F1 /* BIDatasourceFeedCollectionView.m */ = {isa = PBXFileReference; fileEncoding = 4; lastKnownFileType = sourcecode.c.objc; path = BIDatasourceFeedCollectionView.m; sourceTree = "<group>"; };
		91E9ECEA1B94A6BD0009C4F1 /* BIActivityIndicatorContainerView.h */ = {isa = PBXFileReference; fileEncoding = 4; lastKnownFileType = sourcecode.c.h; name = BIActivityIndicatorContainerView.h; path = Views/TableView/ActivityIndicator/BIActivityIndicatorContainerView.h; sourceTree = "<group>"; };
		91E9ECEB1B94A6BD0009C4F1 /* BIActivityIndicatorContainerView.m */ = {isa = PBXFileReference; fileEncoding = 4; lastKnownFileType = sourcecode.c.objc; name = BIActivityIndicatorContainerView.m; path = Views/TableView/ActivityIndicator/BIActivityIndicatorContainerView.m; sourceTree = "<group>"; };
		91E9ECEE1B94A6F10009C4F1 /* BICollectionViewActivityIndicatorReusableView.h */ = {isa = PBXFileReference; fileEncoding = 4; lastKnownFileType = sourcecode.c.h; name = BICollectionViewActivityIndicatorReusableView.h; path = "Views/CollectionView/Activity Indicator/BICollectionViewActivityIndicatorReusableView.h"; sourceTree = "<group>"; };
		91E9ECEF1B94A6F10009C4F1 /* BICollectionViewActivityIndicatorReusableView.m */ = {isa = PBXFileReference; fileEncoding = 4; lastKnownFileType = sourcecode.c.objc; name = BICollectionViewActivityIndicatorReusableView.m; path = "Views/CollectionView/Activity Indicator/BICollectionViewActivityIndicatorReusableView.m"; sourceTree = "<group>"; };
		9437007D1BCD3F9C0063D2CC /* BILaunchStartersFactory.h */ = {isa = PBXFileReference; fileEncoding = 4; lastKnownFileType = sourcecode.c.h; path = BILaunchStartersFactory.h; sourceTree = "<group>"; };
		9437007E1BCD3F9C0063D2CC /* BILaunchStartersFactory.m */ = {isa = PBXFileReference; fileEncoding = 4; lastKnownFileType = sourcecode.c.objc; path = BILaunchStartersFactory.m; sourceTree = "<group>"; };
		943700831BCD4E250063D2CC /* BILaunchStartersFactoryTestCase.m */ = {isa = PBXFileReference; fileEncoding = 4; lastKnownFileType = sourcecode.c.objc; path = BILaunchStartersFactoryTestCase.m; sourceTree = "<group>"; };
/* End PBXFileReference section */

/* Begin PBXFrameworksBuildPhase section */
		43F541BF1CD0F275002EB6C6 /* Frameworks */ = {
			isa = PBXFrameworksBuildPhase;
			buildActionMask = 2147483647;
			files = (
			);
			runOnlyForDeploymentPostprocessing = 0;
		};
		43F541C91CD0F276002EB6C6 /* Frameworks */ = {
			isa = PBXFrameworksBuildPhase;
			buildActionMask = 2147483647;
			files = (
				43F541CD1CD0F276002EB6C6 /* BIObjCHelpers.framework in Frameworks */,
			);
			runOnlyForDeploymentPostprocessing = 0;
		};
/* End PBXFrameworksBuildPhase section */

/* Begin PBXGroup section */
		4311248D1CE36CA200950918 /* Operations */ = {
			isa = PBXGroup;
			children = (
				43A5B5511CFD6EF900F79359 /* BIOperationBase.h */,
				43A5B5521CFD6EF900F79359 /* BIOperationBase.m */,
				431124901CE36CDC00950918 /* BIOperationNotifier.h */,
				431124911CE36CDC00950918 /* BIOperationNotifier.m */,
			);
			name = Operations;
			sourceTree = "<group>";
		};
		432001951C7B2697006A8BB7 /* ScrollView */ = {
			isa = PBXGroup;
			children = (
				432001961C7B26C0006A8BB7 /* UIScrollView+BIBatching.h */,
				432001971C7B26C0006A8BB7 /* UIScrollView+BIBatching.m */,
			);
			name = ScrollView;
			sourceTree = "<group>";
		};
		433DEB471C4D19DB002296AE /* Additions */ = {
			isa = PBXGroup;
			children = (
				433DEB481C4D1A16002296AE /* BIScrollAdditionalViewBase.h */,
				433DEB491C4D1A16002296AE /* BIScrollAdditionalViewBase.m */,
				433DEB4B1C4D1A52002296AE /* BIScrollAdditionalErrorNoContentView.h */,
				433DEB4C1C4D1A52002296AE /* BIScrollAdditionalErrorNoContentView.m */,
				433DEB4E1C4D1A74002296AE /* BIScrollAdditionalLoadingView.h */,
				433DEB4F1C4D1A74002296AE /* BIScrollAdditionalLoadingView.m */,
				433DEB511C4D1AA4002296AE /* BIScrollAdditionalNoContentView.h */,
				433DEB521C4D1AA4002296AE /* BIScrollAdditionalNoContentView.m */,
			);
			name = Additions;
			sourceTree = "<group>";
		};
		43A5B5551CFD731B00F79359 /* Operations */ = {
			isa = PBXGroup;
			children = (
				43A5B5561CFD733300F79359 /* BIOperationBaseTestCase.m */,
				43D3BFFD1D1A8080000C840C /* BIOperationNotifierTestCase.m */,
				43D3C0031D1A8287000C840C /* BIOperationNotifier+Tests.h */,
			);
			name = Operations;
			sourceTree = "<group>";
		};
		43A7D01E1C7349DA007C8CC0 /* ExternalLibs */ = {
			isa = PBXGroup;
			children = (
				43A7D0241C735C1B007C8CC0 /* UIScrollView+InfiniteScroll */,
			);
			path = ExternalLibs;
			sourceTree = "<group>";
		};
		43A7D0241C735C1B007C8CC0 /* UIScrollView+InfiniteScroll */ = {
			isa = PBXGroup;
			children = (
				43A7D0251C735C1B007C8CC0 /* LICENSE.txt */,
				43A7D0261C735C1B007C8CC0 /* UIScrollView+InfiniteScroll.h */,
				43A7D0271C735C1B007C8CC0 /* UIScrollView+InfiniteScroll.m */,
			);
			path = "UIScrollView+InfiniteScroll";
			sourceTree = "<group>";
		};
		43BE6C1C1B56882B001F0A00 = {
			isa = PBXGroup;
			children = (
				43BE6C271B56882B001F0A00 /* BIObjCHelpers */,
				43BE6C341B56882B001F0A00 /* BIObjCHelpersTests */,
				43BE6C261B56882B001F0A00 /* Products */,
			);
			sourceTree = "<group>";
		};
		43BE6C261B56882B001F0A00 /* Products */ = {
			isa = PBXGroup;
			children = (
				43F541C31CD0F275002EB6C6 /* BIObjCHelpers.framework */,
				43F541CC1CD0F276002EB6C6 /* BIObjCHelpersTests.xctest */,
			);
			name = Products;
			sourceTree = "<group>";
		};
		43BE6C271B56882B001F0A00 /* BIObjCHelpers */ = {
			isa = PBXGroup;
			children = (
				91614A801B9478D400D00EB2 /* Utils */,
				914D2CAF1B5792CD009A9B4D /* Views */,
				43BE6C3F1B5689C9001F0A00 /* Batch */,
				43BE6C431B5689C9001F0A00 /* Categories */,
				43BE6C4D1B5689CA001F0A00 /* Datasource */,
				43BE6C5D1B5689CA001F0A00 /* Handlers */,
				43BE6C661B5689CA001F0A00 /* Lifecycle */,
				43BE6C691B5689CA001F0A00 /* OperationQueue */,
				4311248D1CE36CA200950918 /* Operations */,
				43BE6C6E1B5689CA001F0A00 /* Starters */,
				43A7D01E1C7349DA007C8CC0 /* ExternalLibs */,
				43FA5D491CD2310300FA754E /* SupportingFiles */,
			);
			path = BIObjCHelpers;
			sourceTree = "<group>";
		};
		43BE6C341B56882B001F0A00 /* BIObjCHelpersTests */ = {
			isa = PBXGroup;
			children = (
				43D3BFD81D12DCA6000C840C /* Mocks */,
				43BE6CD11B568CAF001F0A00 /* Resources */,
				43BE6CC31B568B1F001F0A00 /* Helpers */,
				43BE6C821B568A52001F0A00 /* Tests */,
				43BE6C351B56882B001F0A00 /* SupportingFiles */,
			);
			path = BIObjCHelpersTests;
			sourceTree = "<group>";
		};
		43BE6C351B56882B001F0A00 /* SupportingFiles */ = {
			isa = PBXGroup;
			children = (
				43BE6C361B56882B001F0A00 /* Info.plist */,
			);
			name = SupportingFiles;
			sourceTree = "<group>";
		};
		43BE6C3F1B5689C9001F0A00 /* Batch */ = {
			isa = PBXGroup;
			children = (
				43F23F881B9F081200CEAD8C /* BIBatchRequest.h */,
				43F23F891B9F081200CEAD8C /* BIBatchRequest.m */,
				43F23F831B9F040C00CEAD8C /* BIBatchResponse.h */,
				43F23F841B9F040C00CEAD8C /* BIBatchResponse.m */,
				43F23F7C1B9EFC0D00CEAD8C /* BIBatchHelpers.h */,
				43F23F7D1B9EFC0D00CEAD8C /* BIBatchHelpers.m */,
			);
			path = Batch;
			sourceTree = "<group>";
		};
		43BE6C431B5689C9001F0A00 /* Categories */ = {
			isa = PBXGroup;
			children = (
				91E59B881B5840D40034824F /* UIView */,
				43BE6C441B5689C9001F0A00 /* NSBundle */,
				43BE6C471B5689C9001F0A00 /* NSDate */,
				43BE6C4A1B5689CA001F0A00 /* NSString */,
			);
			path = Categories;
			sourceTree = "<group>";
		};
		43BE6C441B5689C9001F0A00 /* NSBundle */ = {
			isa = PBXGroup;
			children = (
				43BE6C451B5689C9001F0A00 /* NSBundle+BIExtra.h */,
				43BE6C461B5689C9001F0A00 /* NSBundle+BIExtra.m */,
			);
			path = NSBundle;
			sourceTree = "<group>";
		};
		43BE6C471B5689C9001F0A00 /* NSDate */ = {
			isa = PBXGroup;
			children = (
				43BE6C481B5689C9001F0A00 /* NSDate+BIAttributedString.h */,
				43BE6C491B5689CA001F0A00 /* NSDate+BIAttributedString.m */,
			);
			path = NSDate;
			sourceTree = "<group>";
		};
		43BE6C4A1B5689CA001F0A00 /* NSString */ = {
			isa = PBXGroup;
			children = (
				43BE6C4B1B5689CA001F0A00 /* NSString+BIExtra.h */,
				43BE6C4C1B5689CA001F0A00 /* NSString+BIExtra.m */,
			);
			path = NSString;
			sourceTree = "<group>";
		};
		43BE6C4D1B5689CA001F0A00 /* Datasource */ = {
			isa = PBXGroup;
			children = (
				43BE6C4E1B5689CA001F0A00 /* Base */,
				43BE6C511B5689CA001F0A00 /* CollectionView */,
				43BE6C561B5689CA001F0A00 /* TableView */,
			);
			path = Datasource;
			sourceTree = "<group>";
		};
		43BE6C4E1B5689CA001F0A00 /* Base */ = {
			isa = PBXGroup;
			children = (
				43BE6C4F1B5689CA001F0A00 /* BIDatasourceBase.h */,
				43BE6C501B5689CA001F0A00 /* BIDatasourceBase.m */,
			);
			path = Base;
			sourceTree = "<group>";
		};
		43BE6C511B5689CA001F0A00 /* CollectionView */ = {
			isa = PBXGroup;
			children = (
				43BE6C521B5689CA001F0A00 /* BIDatasourceCollectionView.h */,
				43BE6C531B5689CA001F0A00 /* BIDatasourceCollectionView.m */,
				43BE6C541B5689CA001F0A00 /* BIDatasourceFetchedCollectionView.h */,
				43BE6C551B5689CA001F0A00 /* BIDatasourceFetchedCollectionView.m */,
				91E9ECE71B949D0D0009C4F1 /* BIDatasourceFeedCollectionView.h */,
				91E9ECE81B949D0D0009C4F1 /* BIDatasourceFeedCollectionView.m */,
			);
			path = CollectionView;
			sourceTree = "<group>";
		};
		43BE6C561B5689CA001F0A00 /* TableView */ = {
			isa = PBXGroup;
			children = (
				43BE6C5B1B5689CA001F0A00 /* BIDatasourceTableView.h */,
				43BE6C5C1B5689CA001F0A00 /* BIDatasourceTableView.m */,
				43BE6C571B5689CA001F0A00 /* BIDatasourceFeedTableView.h */,
				43BE6C581B5689CA001F0A00 /* BIDatasourceFeedTableView.m */,
				43BE6C591B5689CA001F0A00 /* BIDatasourceFetchedTableView.h */,
				43BE6C5A1B5689CA001F0A00 /* BIDatasourceFetchedTableView.m */,
				436E442C1D0A90BD008A39FD /* BIDatasourceFetchedFeedTableView.h */,
				436E442D1D0A90BD008A39FD /* BIDatasourceFetchedFeedTableView.m */,
			);
			path = TableView;
			sourceTree = "<group>";
		};
		43BE6C5D1B5689CA001F0A00 /* Handlers */ = {
			isa = PBXGroup;
			children = (
				43BE6C5E1B5689CA001F0A00 /* Base */,
				43BE6C611B5689CA001F0A00 /* TableView */,
				91614A921B9482EB00D00EB2 /* CollectionView */,
			);
			path = Handlers;
			sourceTree = "<group>";
		};
		43BE6C5E1B5689CA001F0A00 /* Base */ = {
			isa = PBXGroup;
			children = (
				43BE6C5F1B5689CA001F0A00 /* BIHandlerBase.h */,
				43BE6C601B5689CA001F0A00 /* BIHandlerBase.m */,
			);
			path = Base;
			sourceTree = "<group>";
		};
		43BE6C611B5689CA001F0A00 /* TableView */ = {
			isa = PBXGroup;
			children = (
				43BE6C621B5689CA001F0A00 /* BIHandlerTableView.h */,
				43BE6C631B5689CA001F0A00 /* BIHandlerTableView.m */,
			);
			path = TableView;
			sourceTree = "<group>";
		};
		43BE6C661B5689CA001F0A00 /* Lifecycle */ = {
			isa = PBXGroup;
			children = (
				43BE6C671B5689CA001F0A00 /* BILifecycle.h */,
				43BE6C681B5689CA001F0A00 /* BILifecycle.m */,
			);
			path = Lifecycle;
			sourceTree = "<group>";
		};
		43BE6C691B5689CA001F0A00 /* OperationQueue */ = {
			isa = PBXGroup;
			children = (
				43BE6C6A1B5689CA001F0A00 /* BIOperationQueue.h */,
				43BE6C6B1B5689CA001F0A00 /* BIOperationQueue.m */,
				43BE6C6C1B5689CA001F0A00 /* BISerialOperationQueue.h */,
				43BE6C6D1B5689CA001F0A00 /* BISerialOperationQueue.m */,
			);
			path = OperationQueue;
			sourceTree = "<group>";
		};
		43BE6C6E1B5689CA001F0A00 /* Starters */ = {
			isa = PBXGroup;
			children = (
				43BE6C6F1B5689CA001F0A00 /* BIStarterProtocol.h */,
				43BE6C701B5689CA001F0A00 /* BIStartersFactory.h */,
				43BE6C711B5689CA001F0A00 /* BIStartersFactory.m */,
				9437007D1BCD3F9C0063D2CC /* BILaunchStartersFactory.h */,
				9437007E1BCD3F9C0063D2CC /* BILaunchStartersFactory.m */,
			);
			path = Starters;
			sourceTree = "<group>";
		};
		43BE6C821B568A52001F0A00 /* Tests */ = {
			isa = PBXGroup;
			children = (
				43DA59491B6217A900ECAAC0 /* Views */,
				43BE6CD51B568ECB001F0A00 /* Batch */,
				43BE6CD81B568ECB001F0A00 /* Categories */,
				43BE6CDF1B568ECB001F0A00 /* Datasource */,
				43BE6CEA1B568ECB001F0A00 /* Handler */,
				43BE6CED1B568ECB001F0A00 /* Lifecycle */,
				43A5B5551CFD731B00F79359 /* Operations */,
				43BE6CEF1B568ECB001F0A00 /* OperationQueue */,
				43BE6CF21B568ECB001F0A00 /* Starters */,
			);
			path = Tests;
			sourceTree = "<group>";
		};
		43BE6CC31B568B1F001F0A00 /* Helpers */ = {
			isa = PBXGroup;
			children = (
				43BE6CC41B568B1F001F0A00 /* Categories */,
				43BE6CCB1B568B1F001F0A00 /* TestCases */,
			);
			path = Helpers;
			sourceTree = "<group>";
		};
		43BE6CC41B568B1F001F0A00 /* Categories */ = {
			isa = PBXGroup;
			children = (
				43BE6CC81B568B1F001F0A00 /* NSString */,
			);
			path = Categories;
			sourceTree = "<group>";
		};
		43BE6CC81B568B1F001F0A00 /* NSString */ = {
			isa = PBXGroup;
			children = (
				43BE6CC91B568B1F001F0A00 /* NSString+RandomTest.h */,
				43BE6CCA1B568B1F001F0A00 /* NSString+RandomTest.m */,
			);
			path = NSString;
			sourceTree = "<group>";
		};
		43BE6CCB1B568B1F001F0A00 /* TestCases */ = {
			isa = PBXGroup;
			children = (
				43BE6CCC1B568B1F001F0A00 /* BITestCaseCoreData.h */,
				43BE6CCD1B568B1F001F0A00 /* BITestCaseCoreData.m */,
			);
			path = TestCases;
			sourceTree = "<group>";
		};
		43BE6CD11B568CAF001F0A00 /* Resources */ = {
			isa = PBXGroup;
			children = (
				43BE6CD21B568CAF001F0A00 /* DefaultData */,
			);
			path = Resources;
			sourceTree = "<group>";
		};
		43BE6CD21B568CAF001F0A00 /* DefaultData */ = {
			isa = PBXGroup;
			children = (
				43BE6CD31B568CC7001F0A00 /* DefaultData.plist */,
			);
			path = DefaultData;
			sourceTree = "<group>";
		};
		43BE6CD51B568ECB001F0A00 /* Batch */ = {
			isa = PBXGroup;
			children = (
				43F23F801B9EFC6A00CEAD8C /* BIBatchRequestTestCase.m */,
				43F23F861B9F062500CEAD8C /* BIBatchResponseTestCase.m */,
				914D2CB41B57BB41009A9B4D /* BIBatchHelpersTestCase.m */,
			);
			path = Batch;
			sourceTree = "<group>";
		};
		43BE6CD81B568ECB001F0A00 /* Categories */ = {
			isa = PBXGroup;
			children = (
				43BE6CD91B568ECB001F0A00 /* NSBundle */,
				43BE6CDB1B568ECB001F0A00 /* NSDate */,
				43BE6CDD1B568ECB001F0A00 /* NSString */,
			);
			path = Categories;
			sourceTree = "<group>";
		};
		43BE6CD91B568ECB001F0A00 /* NSBundle */ = {
			isa = PBXGroup;
			children = (
				43BE6CDA1B568ECB001F0A00 /* NSBundleBIExtraTestCase.m */,
			);
			path = NSBundle;
			sourceTree = "<group>";
		};
		43BE6CDB1B568ECB001F0A00 /* NSDate */ = {
			isa = PBXGroup;
			children = (
				43BE6CDC1B568ECB001F0A00 /* NSDateBIAttributedStringTestCase.m */,
			);
			path = NSDate;
			sourceTree = "<group>";
		};
		43BE6CDD1B568ECB001F0A00 /* NSString */ = {
			isa = PBXGroup;
			children = (
				43BE6CDE1B568ECB001F0A00 /* NSStringBIExtraTestCase.m */,
			);
			path = NSString;
			sourceTree = "<group>";
		};
		43BE6CDF1B568ECB001F0A00 /* Datasource */ = {
			isa = PBXGroup;
			children = (
				43D3C0061D1A8315000C840C /* Base */,
				43BE6CE01B568ECB001F0A00 /* CollectionView */,
				43BE6CE51B568ECB001F0A00 /* TableView */,
			);
			path = Datasource;
			sourceTree = "<group>";
		};
		43BE6CE01B568ECB001F0A00 /* CollectionView */ = {
			isa = PBXGroup;
			children = (
				43BE6CE11B568ECB001F0A00 /* BIDatasourceFetchedCollectionViewTestCase.m */,
			);
			path = CollectionView;
			sourceTree = "<group>";
		};
		43BE6CE51B568ECB001F0A00 /* TableView */ = {
			isa = PBXGroup;
			children = (
				4304A9B51B70D892009739B3 /* BIDatasourceTableViewTestCase.m */,
				43BE6CE61B568ECB001F0A00 /* BIDatasourceFeedTableViewTestCase.m */,
				43BE6CE71B568ECB001F0A00 /* BIDatasourceFetchedTableViewTestCase.m */,
				43BE6CE81B568ECB001F0A00 /* BIMockDatasourceFeedTableView.h */,
				43BE6CE91B568ECB001F0A00 /* BIMockDatasourceFeedTableView.m */,
			);
			path = TableView;
			sourceTree = "<group>";
		};
		43BE6CEA1B568ECB001F0A00 /* Handler */ = {
			isa = PBXGroup;
			children = (
				43BE6CEB1B568ECB001F0A00 /* TableView */,
			);
			path = Handler;
			sourceTree = "<group>";
		};
		43BE6CEB1B568ECB001F0A00 /* TableView */ = {
			isa = PBXGroup;
			children = (
				43BE6CEC1B568ECB001F0A00 /* BIHandlerTableViewTestCase.m */,
			);
			path = TableView;
			sourceTree = "<group>";
		};
		43BE6CED1B568ECB001F0A00 /* Lifecycle */ = {
			isa = PBXGroup;
			children = (
				43BE6CEE1B568ECB001F0A00 /* BILifecycleTestCase.m */,
			);
			path = Lifecycle;
			sourceTree = "<group>";
		};
		43BE6CEF1B568ECB001F0A00 /* OperationQueue */ = {
			isa = PBXGroup;
			children = (
				43BE6CF01B568ECB001F0A00 /* BIOperationQueueTestCase.m */,
				43BE6CF11B568ECB001F0A00 /* BISerialOperationQueueTestCase.m */,
			);
			path = OperationQueue;
			sourceTree = "<group>";
		};
		43BE6CF21B568ECB001F0A00 /* Starters */ = {
			isa = PBXGroup;
			children = (
				43BE6CF31B568ECB001F0A00 /* BIStartersFactoryTestCase.m */,
				943700831BCD4E250063D2CC /* BILaunchStartersFactoryTestCase.m */,
				43BE6CF41B568ECB001F0A00 /* Mock */,
			);
			path = Starters;
			sourceTree = "<group>";
		};
		43BE6CF41B568ECB001F0A00 /* Mock */ = {
			isa = PBXGroup;
			children = (
				43BE6CF51B568ECB001F0A00 /* BIMockStarter.h */,
				43BE6CF61B568ECB001F0A00 /* BIMockStarter.m */,
			);
			path = Mock;
			sourceTree = "<group>";
		};
		43D3BFD81D12DCA6000C840C /* Mocks */ = {
			isa = PBXGroup;
			children = (
				43D3BFFF1D1A8127000C840C /* Operations */,
				43D3BFF81D12FCA4000C840C /* Views */,
				43D3BFE71D12DF5D000C840C /* Handlers */,
				43D3BFDA1D12DCAD000C840C /* UIKit */,
				43D3BFD91D12DCA9000C840C /* CoreData */,
			);
			name = Mocks;
			sourceTree = "<group>";
		};
		43D3BFD91D12DCA9000C840C /* CoreData */ = {
			isa = PBXGroup;
			children = (
				43D3BFF01D12E0DB000C840C /* NSFetchedResultsController */,
				43D3BFEC1D12E0A4000C840C /* NSFetchedResultsSectionInfo */,
			);
			name = CoreData;
			sourceTree = "<group>";
		};
		43D3BFDA1D12DCAD000C840C /* UIKit */ = {
			isa = PBXGroup;
			children = (
				43D3BFF41D12E584000C840C /* UINib */,
				43D3BFE31D12DD8D000C840C /* UICollectionView */,
				43D3BFDF1D12DD3E000C840C /* UITableView */,
			);
			name = UIKit;
			sourceTree = "<group>";
		};
		43D3BFDF1D12DD3E000C840C /* UITableView */ = {
			isa = PBXGroup;
			children = (
				43D3BFE01D12DD5B000C840C /* MockUITableView.h */,
				43D3BFE11D12DD5B000C840C /* MockUITableView.m */,
			);
			name = UITableView;
			sourceTree = "<group>";
		};
		43D3BFE31D12DD8D000C840C /* UICollectionView */ = {
			isa = PBXGroup;
			children = (
				43D3BFE41D12DDC1000C840C /* MockUICollectionView.h */,
				43D3BFE51D12DDC1000C840C /* MockUICollectionView.m */,
			);
			name = UICollectionView;
			sourceTree = "<group>";
		};
		43D3BFE71D12DF5D000C840C /* Handlers */ = {
			isa = PBXGroup;
			children = (
				43D3BFE81D12DF5D000C840C /* BIHandlerTableView */,
			);
			name = Handlers;
			path = Mocks/Handlers;
			sourceTree = "<group>";
		};
		43D3BFE81D12DF5D000C840C /* BIHandlerTableView */ = {
			isa = PBXGroup;
			children = (
				43D3BFE91D12DF5D000C840C /* MockBIHandlerTableView.h */,
				43D3BFEA1D12DF5D000C840C /* MockBIHandlerTableView.m */,
			);
			path = BIHandlerTableView;
			sourceTree = "<group>";
		};
		43D3BFEC1D12E0A4000C840C /* NSFetchedResultsSectionInfo */ = {
			isa = PBXGroup;
			children = (
				43D3BFED1D12E0B1000C840C /* MockNSFetchedResultsSectionInfo.h */,
				43D3BFEE1D12E0B1000C840C /* MockNSFetchedResultsSectionInfo.m */,
			);
			name = NSFetchedResultsSectionInfo;
			sourceTree = "<group>";
		};
		43D3BFF01D12E0DB000C840C /* NSFetchedResultsController */ = {
			isa = PBXGroup;
			children = (
				43D3BFF11D12E0DB000C840C /* MockNSFetchedResultsController.h */,
				43D3BFF21D12E0DB000C840C /* MockNSFetchedResultsController.m */,
			);
			name = NSFetchedResultsController;
			path = Mocks/CoreData/NSFetchedResultsController;
			sourceTree = "<group>";
		};
		43D3BFF41D12E584000C840C /* UINib */ = {
			isa = PBXGroup;
			children = (
				43D3BFF51D12E592000C840C /* MockUINib.h */,
				43D3BFF61D12E592000C840C /* MockUINib.m */,
			);
			name = UINib;
			sourceTree = "<group>";
		};
		43D3BFF81D12FCA4000C840C /* Views */ = {
			isa = PBXGroup;
			children = (
				43D3BFF91D12FCA7000C840C /* TableView */,
			);
			name = Views;
			sourceTree = "<group>";
		};
		43D3BFF91D12FCA7000C840C /* TableView */ = {
			isa = PBXGroup;
			children = (
				43D3BFFA1D12FCC0000C840C /* MockBITableView.h */,
				43D3BFFB1D12FCC0000C840C /* MockBITableView.m */,
			);
			name = TableView;
			sourceTree = "<group>";
		};
		43D3BFFF1D1A8127000C840C /* Operations */ = {
			isa = PBXGroup;
			children = (
				43D3C0001D1A8143000C840C /* MockBIOperationNotifierListener.h */,
				43D3C0011D1A8143000C840C /* MockBIOperationNotifierListener.m */,
			);
			name = Operations;
			sourceTree = "<group>";
		};
		43D3C0061D1A8315000C840C /* Base */ = {
			isa = PBXGroup;
			children = (
				43D3C0071D1A832C000C840C /* BIDatasourceBaseTestCase.m */,
			);
			name = Base;
			sourceTree = "<group>";
		};
		43DA58F21B5D1CAB00ECAAC0 /* ActivityIndicator */ = {
			isa = PBXGroup;
			children = (
				91E9ECEA1B94A6BD0009C4F1 /* BIActivityIndicatorContainerView.h */,
				91E9ECEB1B94A6BD0009C4F1 /* BIActivityIndicatorContainerView.m */,
			);
			name = ActivityIndicator;
			sourceTree = "<group>";
		};
		43DA59491B6217A900ECAAC0 /* Views */ = {
			isa = PBXGroup;
			children = (
				43DA594A1B6217B200ECAAC0 /* TableView */,
			);
			name = Views;
			sourceTree = "<group>";
		};
		43DA594A1B6217B200ECAAC0 /* TableView */ = {
			isa = PBXGroup;
			children = (
				43DA594B1B6217F400ECAAC0 /* BITableViewTestCase.m */,
			);
			name = TableView;
			sourceTree = "<group>";
		};
		43FA5D491CD2310300FA754E /* SupportingFiles */ = {
			isa = PBXGroup;
			children = (
				43FA5D4A1CD2310300FA754E /* BIObjCHelpers.h */,
				43FA5D4B1CD2310300FA754E /* Info.plist */,
			);
			name = SupportingFiles;
			path = BIObjCHelpers/SupportingFiles;
			sourceTree = SOURCE_ROOT;
		};
		914D2CAF1B5792CD009A9B4D /* Views */ = {
			isa = PBXGroup;
			children = (
				432001951C7B2697006A8BB7 /* ScrollView */,
				91E59B7F1B5840970034824F /* TableView */,
				91614A7F1B94775B00D00EB2 /* CollectionView */,
			);
			name = Views;
			sourceTree = "<group>";
		};
		91614A7B1B94771C00D00EB2 /* Proxy */ = {
			isa = PBXGroup;
			children = (
				91614A811B94790400D00EB2 /* _BIScrollViewProxy.h */,
				91614A821B94790400D00EB2 /* _BIScrollViewProxy.m */,
			);
			name = Proxy;
			sourceTree = "<group>";
		};
		91614A7F1B94775B00D00EB2 /* CollectionView */ = {
			isa = PBXGroup;
			children = (
				91E9ECED1B94A6C40009C4F1 /* Activity Indicator */,
				91614A8C1B9481A000D00EB2 /* BICollectionView.h */,
				91614A8D1B9481A000D00EB2 /* BICollectionView.m */,
				91614A8F1B9481C000D00EB2 /* _BICollectionView+Internal.h */,
			);
			name = CollectionView;
			sourceTree = "<group>";
		};
		91614A801B9478D400D00EB2 /* Utils */ = {
			isa = PBXGroup;
			children = (
				43F23F821B9EFCEF00CEAD8C /* BIScrollDetails.h */,
				436E44301D0A9140008A39FD /* BITableViewUtils.h */,
				91614A7B1B94771C00D00EB2 /* Proxy */,
			);
			name = Utils;
			sourceTree = "<group>";
		};
		91614A921B9482EB00D00EB2 /* CollectionView */ = {
			isa = PBXGroup;
			children = (
				91614A931B94830600D00EB2 /* BIHandlerCollectionView.h */,
				91614A941B94830600D00EB2 /* BIHandlerCollectionView.m */,
			);
			name = CollectionView;
			sourceTree = "<group>";
		};
		91E517EB1B58F938000B51AF /* Cell */ = {
			isa = PBXGroup;
			children = (
				91E517F01B59208F000B51AF /* BITableViewCell.h */,
				91E517F11B59208F000B51AF /* BITableViewCell.m */,
			);
			name = Cell;
			sourceTree = "<group>";
		};
		91E59B7F1B5840970034824F /* TableView */ = {
			isa = PBXGroup;
			children = (
				433DEB471C4D19DB002296AE /* Additions */,
				43DA58F21B5D1CAB00ECAAC0 /* ActivityIndicator */,
				91E517EB1B58F938000B51AF /* Cell */,
				91E59B851B5840CD0034824F /* BITableView.h */,
				91E59B861B5840CD0034824F /* BITableView.m */,
				4355334F1B81B87F0052A128 /* _BITableView+Internal.h */,
			);
			name = TableView;
			sourceTree = "<group>";
		};
		91E59B881B5840D40034824F /* UIView */ = {
			isa = PBXGroup;
			children = (
				91E59B891B58411B0034824F /* UIView+BILoadXib.h */,
				91E59B8A1B58411B0034824F /* UIView+BILoadXib.m */,
			);
			name = UIView;
			sourceTree = "<group>";
		};
		91E9ECED1B94A6C40009C4F1 /* Activity Indicator */ = {
			isa = PBXGroup;
			children = (
				91E9ECEE1B94A6F10009C4F1 /* BICollectionViewActivityIndicatorReusableView.h */,
				91E9ECEF1B94A6F10009C4F1 /* BICollectionViewActivityIndicatorReusableView.m */,
			);
			name = "Activity Indicator";
			sourceTree = "<group>";
		};
/* End PBXGroup section */

/* Begin PBXHeadersBuildPhase section */
		43F541C01CD0F275002EB6C6 /* Headers */ = {
			isa = PBXHeadersBuildPhase;
			buildActionMask = 2147483647;
			files = (
				43F542301CD0F3FE002EB6C6 /* BIBatchResponse.h in Headers */,
				43F5422B1CD0F390002EB6C6 /* BIActivityIndicatorContainerView.h in Headers */,
				43F5423D1CD0F433002EB6C6 /* BIHandlerBase.h in Headers */,
				43F5423E1CD0F434002EB6C6 /* BIHandlerTableView.h in Headers */,
				43FA5D481CD22DC400FA754E /* BICollectionViewActivityIndicatorReusableView.h in Headers */,
				43FA5D471CD22DB700FA754E /* BICollectionView.h in Headers */,
				43F5423F1CD0F436002EB6C6 /* BIHandlerCollectionView.h in Headers */,
				43F542411CD0F441002EB6C6 /* BILifecycle.h in Headers */,
				43F542451CD0F44A002EB6C6 /* BIStartersFactory.h in Headers */,
				43F542471CD0F44F002EB6C6 /* UIScrollView+InfiniteScroll.h in Headers */,
				43F542441CD0F448002EB6C6 /* BIStarterProtocol.h in Headers */,
				43F542461CD0F44B002EB6C6 /* BILaunchStartersFactory.h in Headers */,
				43F542421CD0F444002EB6C6 /* BIOperationQueue.h in Headers */,
				43F542431CD0F445002EB6C6 /* BISerialOperationQueue.h in Headers */,
				43F542321CD0F411002EB6C6 /* UIView+BILoadXib.h in Headers */,
				43F542371CD0F423002EB6C6 /* BIDatasourceCollectionView.h in Headers */,
				43F542391CD0F426002EB6C6 /* BIDatasourceFeedCollectionView.h in Headers */,
				43F5423A1CD0F427002EB6C6 /* BIDatasourceFeedTableView.h in Headers */,
				43F5423B1CD0F428002EB6C6 /* BIDatasourceFetchedTableView.h in Headers */,
				43F542341CD0F417002EB6C6 /* NSDate+BIAttributedString.h in Headers */,
				43F5423C1CD0F429002EB6C6 /* BIDatasourceTableView.h in Headers */,
				43F542381CD0F424002EB6C6 /* BIDatasourceFetchedCollectionView.h in Headers */,
				43A5B5531CFD6EF900F79359 /* BIOperationBase.h in Headers */,
				43F542351CD0F41A002EB6C6 /* NSString+BIExtra.h in Headers */,
				43F5422C1CD0F393002EB6C6 /* BITableViewCell.h in Headers */,
				43F542361CD0F422002EB6C6 /* BIDatasourceBase.h in Headers */,
				43F542331CD0F414002EB6C6 /* NSBundle+BIExtra.h in Headers */,
				43F5422F1CD0F3FB002EB6C6 /* BIBatchRequest.h in Headers */,
				43F542311CD0F401002EB6C6 /* BIBatchHelpers.h in Headers */,
				43F5422A1CD0F37D002EB6C6 /* BIScrollAdditionalNoContentView.h in Headers */,
				43F542281CD0F379002EB6C6 /* BIScrollAdditionalErrorNoContentView.h in Headers */,
				43F5422D1CD0F395002EB6C6 /* BITableView.h in Headers */,
				43F542271CD0F377002EB6C6 /* BIScrollAdditionalViewBase.h in Headers */,
				431124921CE36CDC00950918 /* BIOperationNotifier.h in Headers */,
				43F542291CD0F37B002EB6C6 /* BIScrollAdditionalLoadingView.h in Headers */,
				43F542241CD0F36A002EB6C6 /* BIScrollDetails.h in Headers */,
				43FA5D4C1CD2310300FA754E /* BIObjCHelpers.h in Headers */,
				436E442E1D0A90BD008A39FD /* BIDatasourceFetchedFeedTableView.h in Headers */,
				436E44311D0A9308008A39FD /* BITableViewUtils.h in Headers */,
				43F542261CD0F372002EB6C6 /* UIScrollView+BIBatching.h in Headers */,
				43F542251CD0F36E002EB6C6 /* _BIScrollViewProxy.h in Headers */,
				43F5422E1CD0F399002EB6C6 /* _BITableView+Internal.h in Headers */,
			);
			runOnlyForDeploymentPostprocessing = 0;
		};
/* End PBXHeadersBuildPhase section */

/* Begin PBXNativeTarget section */
		43F541C21CD0F275002EB6C6 /* BIObjCHelpers */ = {
			isa = PBXNativeTarget;
			buildConfigurationList = 43F541D81CD0F276002EB6C6 /* Build configuration list for PBXNativeTarget "BIObjCHelpers" */;
			buildPhases = (
				43F541BE1CD0F275002EB6C6 /* Sources */,
				43F541BF1CD0F275002EB6C6 /* Frameworks */,
				43F541C01CD0F275002EB6C6 /* Headers */,
				43F541C11CD0F275002EB6C6 /* Resources */,
			);
			buildRules = (
			);
			dependencies = (
			);
			name = BIObjCHelpers;
			productName = BIObjCHelpersFramework;
			productReference = 43F541C31CD0F275002EB6C6 /* BIObjCHelpers.framework */;
			productType = "com.apple.product-type.framework";
		};
		43F541CB1CD0F276002EB6C6 /* BIObjCHelpersTests */ = {
			isa = PBXNativeTarget;
			buildConfigurationList = 43F541D91CD0F276002EB6C6 /* Build configuration list for PBXNativeTarget "BIObjCHelpersTests" */;
			buildPhases = (
				43F541C81CD0F276002EB6C6 /* Sources */,
				43F541C91CD0F276002EB6C6 /* Frameworks */,
				43F541CA1CD0F276002EB6C6 /* Resources */,
			);
			buildRules = (
			);
			dependencies = (
				43F541CF1CD0F276002EB6C6 /* PBXTargetDependency */,
			);
			name = BIObjCHelpersTests;
			productName = BIObjCHelpersFrameworkTests;
			productReference = 43F541CC1CD0F276002EB6C6 /* BIObjCHelpersTests.xctest */;
			productType = "com.apple.product-type.bundle.unit-test";
		};
/* End PBXNativeTarget section */

/* Begin PBXProject section */
		43BE6C1D1B56882B001F0A00 /* Project object */ = {
			isa = PBXProject;
			attributes = {
				LastSwiftUpdateCheck = 0730;
				LastUpgradeCheck = 0910;
				ORGANIZATIONNAME = "iGama Apps";
				TargetAttributes = {
					43F541C21CD0F275002EB6C6 = {
						CreatedOnToolsVersion = 7.3;
						ProvisioningStyle = Manual;
					};
					43F541CB1CD0F276002EB6C6 = {
						CreatedOnToolsVersion = 7.3;
						ProvisioningStyle = Manual;
					};
				};
			};
			buildConfigurationList = 43BE6C201B56882B001F0A00 /* Build configuration list for PBXProject "BIObjCHelpers" */;
			compatibilityVersion = "Xcode 3.2";
			developmentRegion = English;
			hasScannedForEncodings = 0;
			knownRegions = (
				en,
			);
			mainGroup = 43BE6C1C1B56882B001F0A00;
			productRefGroup = 43BE6C261B56882B001F0A00 /* Products */;
			projectDirPath = "";
			projectRoot = "";
			targets = (
				43F541C21CD0F275002EB6C6 /* BIObjCHelpers */,
				43F541CB1CD0F276002EB6C6 /* BIObjCHelpersTests */,
			);
		};
/* End PBXProject section */

/* Begin PBXResourcesBuildPhase section */
		43F541C11CD0F275002EB6C6 /* Resources */ = {
			isa = PBXResourcesBuildPhase;
			buildActionMask = 2147483647;
			files = (
			);
			runOnlyForDeploymentPostprocessing = 0;
		};
		43F541CA1CD0F276002EB6C6 /* Resources */ = {
			isa = PBXResourcesBuildPhase;
			buildActionMask = 2147483647;
			files = (
				43FA5D691CD2381E00FA754E /* DefaultData.plist in Resources */,
			);
			runOnlyForDeploymentPostprocessing = 0;
		};
/* End PBXResourcesBuildPhase section */

/* Begin PBXSourcesBuildPhase section */
		43F541BE1CD0F275002EB6C6 /* Sources */ = {
			isa = PBXSourcesBuildPhase;
			buildActionMask = 2147483647;
			files = (
				43F541DC1CD0F2AD002EB6C6 /* _BIScrollViewProxy.m in Sources */,
				43F541DE1CD0F2AD002EB6C6 /* UIScrollView+BIBatching.m in Sources */,
				43F541E01CD0F2AD002EB6C6 /* BIScrollAdditionalViewBase.m in Sources */,
				43F541E21CD0F2AD002EB6C6 /* BIScrollAdditionalErrorNoContentView.m in Sources */,
				43F541E41CD0F2AD002EB6C6 /* BIScrollAdditionalLoadingView.m in Sources */,
				43F541E61CD0F2AD002EB6C6 /* BIScrollAdditionalNoContentView.m in Sources */,
				43F541E81CD0F2AD002EB6C6 /* BIActivityIndicatorContainerView.m in Sources */,
				43F541EA1CD0F2AD002EB6C6 /* BITableViewCell.m in Sources */,
				43F541EC1CD0F2AD002EB6C6 /* BITableView.m in Sources */,
				43F541EF1CD0F2AD002EB6C6 /* BICollectionViewActivityIndicatorReusableView.m in Sources */,
				43F541F11CD0F2AD002EB6C6 /* BICollectionView.m in Sources */,
				431124931CE36CDC00950918 /* BIOperationNotifier.m in Sources */,
				43F541F41CD0F2AD002EB6C6 /* BIBatchRequest.m in Sources */,
				43F541F61CD0F2AD002EB6C6 /* BIBatchResponse.m in Sources */,
				43F541F81CD0F2AD002EB6C6 /* BIBatchHelpers.m in Sources */,
				43F541FA1CD0F2AD002EB6C6 /* UIView+BILoadXib.m in Sources */,
				43F541FC1CD0F2AD002EB6C6 /* NSBundle+BIExtra.m in Sources */,
				436E442F1D0A90BD008A39FD /* BIDatasourceFetchedFeedTableView.m in Sources */,
				43F541FE1CD0F2AD002EB6C6 /* NSDate+BIAttributedString.m in Sources */,
				43F542001CD0F2AD002EB6C6 /* NSString+BIExtra.m in Sources */,
				43F542021CD0F2AD002EB6C6 /* BIDatasourceBase.m in Sources */,
				43F542041CD0F2AD002EB6C6 /* BIDatasourceCollectionView.m in Sources */,
				43F542061CD0F2AD002EB6C6 /* BIDatasourceFetchedCollectionView.m in Sources */,
				43F542081CD0F2AD002EB6C6 /* BIDatasourceFeedCollectionView.m in Sources */,
				43F5420A1CD0F2AD002EB6C6 /* BIDatasourceFeedTableView.m in Sources */,
				43F5420C1CD0F2AD002EB6C6 /* BIDatasourceFetchedTableView.m in Sources */,
				43F5420E1CD0F2AE002EB6C6 /* BIDatasourceTableView.m in Sources */,
				43F542101CD0F2AE002EB6C6 /* BIHandlerBase.m in Sources */,
				43F542121CD0F2AE002EB6C6 /* BIHandlerTableView.m in Sources */,
				43F542141CD0F2AE002EB6C6 /* BIHandlerCollectionView.m in Sources */,
				43F542171CD0F2AE002EB6C6 /* BILifecycle.m in Sources */,
				43F542191CD0F2AE002EB6C6 /* BIOperationQueue.m in Sources */,
				43F5421B1CD0F2AE002EB6C6 /* BISerialOperationQueue.m in Sources */,
				43F5421E1CD0F2AE002EB6C6 /* BIStartersFactory.m in Sources */,
				43F542201CD0F2AE002EB6C6 /* BILaunchStartersFactory.m in Sources */,
				43F542231CD0F2AE002EB6C6 /* UIScrollView+InfiniteScroll.m in Sources */,
				43A5B5541CFD6EF900F79359 /* BIOperationBase.m in Sources */,
			);
			runOnlyForDeploymentPostprocessing = 0;
		};
		43F541C81CD0F276002EB6C6 /* Sources */ = {
			isa = PBXSourcesBuildPhase;
			buildActionMask = 2147483647;
			files = (
				43FA5D5E1CD2325200FA754E /* BIDatasourceTableViewTestCase.m in Sources */,
				43D3BFF71D12E592000C840C /* MockUINib.m in Sources */,
				43FA5D611CD2325B00FA754E /* BIMockDatasourceFeedTableView.m in Sources */,
				43FA5D651CD2326A00FA754E /* BIOperationQueueTestCase.m in Sources */,
				43A5B5571CFD733300F79359 /* BIOperationBaseTestCase.m in Sources */,
				43FA5D541CD2321E00FA754E /* BITableViewTestCase.m in Sources */,
				43FA5D661CD2326F00FA754E /* BIStartersFactoryTestCase.m in Sources */,
				43D3BFE21D12DD5B000C840C /* MockUITableView.m in Sources */,
				43D3BFE61D12DDC1000C840C /* MockUICollectionView.m in Sources */,
				43FA5D601CD2325700FA754E /* BIDatasourceFetchedTableViewTestCase.m in Sources */,
				43FA5D621CD2326000FA754E /* BIHandlerTableViewTestCase.m in Sources */,
				43FA5D5B1CD2324300FA754E /* BIDatasourceFetchedCollectionViewTestCase.m in Sources */,
				43FA5D671CD2327200FA754E /* BILaunchStartersFactoryTestCase.m in Sources */,
				43FA5D501CD2320700FA754E /* NSString+RandomTest.m in Sources */,
				43FA5D511CD2320A00FA754E /* BITestCaseCoreData.m in Sources */,
				43FA5D5F1CD2325400FA754E /* BIDatasourceFeedTableViewTestCase.m in Sources */,
				43FA5D631CD2326400FA754E /* BILifecycleTestCase.m in Sources */,
				43D3BFEB1D12DF5D000C840C /* MockBIHandlerTableView.m in Sources */,
				43FA5D5A1CD2323E00FA754E /* NSStringBIExtraTestCase.m in Sources */,
				43D3BFFC1D12FCC0000C840C /* MockBITableView.m in Sources */,
				43FA5D571CD2322900FA754E /* BIBatchHelpersTestCase.m in Sources */,
				43FA5D591CD2323B00FA754E /* NSDateBIAttributedStringTestCase.m in Sources */,
				43D3C0081D1A832C000C840C /* BIDatasourceBaseTestCase.m in Sources */,
				43FA5D641CD2326800FA754E /* BISerialOperationQueueTestCase.m in Sources */,
				43D3C0021D1A8143000C840C /* MockBIOperationNotifierListener.m in Sources */,
				43FA5D551CD2322400FA754E /* BIBatchRequestTestCase.m in Sources */,
				43FA5D561CD2322700FA754E /* BIBatchResponseTestCase.m in Sources */,
				43D3BFF31D12E0DB000C840C /* MockNSFetchedResultsController.m in Sources */,
				43D3BFFE1D1A8080000C840C /* BIOperationNotifierTestCase.m in Sources */,
				43FA5D681CD2327600FA754E /* BIMockStarter.m in Sources */,
				43FA5D581CD2323800FA754E /* NSBundleBIExtraTestCase.m in Sources */,
				43D3BFEF1D12E0B1000C840C /* MockNSFetchedResultsSectionInfo.m in Sources */,
			);
			runOnlyForDeploymentPostprocessing = 0;
		};
/* End PBXSourcesBuildPhase section */

/* Begin PBXTargetDependency section */
		43F541CF1CD0F276002EB6C6 /* PBXTargetDependency */ = {
			isa = PBXTargetDependency;
			target = 43F541C21CD0F275002EB6C6 /* BIObjCHelpers */;
			targetProxy = 43F541CE1CD0F276002EB6C6 /* PBXContainerItemProxy */;
		};
/* End PBXTargetDependency section */

/* Begin XCBuildConfiguration section */
		43BE6C371B56882B001F0A00 /* Debug */ = {
			isa = XCBuildConfiguration;
			buildSettings = {
				ALWAYS_SEARCH_USER_PATHS = NO;
				CLANG_CXX_LANGUAGE_STANDARD = "gnu++0x";
				CLANG_CXX_LIBRARY = "libc++";
				CLANG_ENABLE_MODULES = YES;
				CLANG_ENABLE_OBJC_ARC = YES;
				CLANG_WARN_BLOCK_CAPTURE_AUTORELEASING = YES;
				CLANG_WARN_BOOL_CONVERSION = YES;
				CLANG_WARN_COMMA = YES;
				CLANG_WARN_CONSTANT_CONVERSION = YES;
				CLANG_WARN_DIRECT_OBJC_ISA_USAGE = YES_ERROR;
				CLANG_WARN_EMPTY_BODY = YES;
				CLANG_WARN_ENUM_CONVERSION = YES;
				CLANG_WARN_INFINITE_RECURSION = YES;
				CLANG_WARN_INT_CONVERSION = YES;
				CLANG_WARN_NON_LITERAL_NULL_CONVERSION = YES;
				CLANG_WARN_OBJC_LITERAL_CONVERSION = YES;
				CLANG_WARN_OBJC_ROOT_CLASS = YES_ERROR;
				CLANG_WARN_RANGE_LOOP_ANALYSIS = YES;
				CLANG_WARN_STRICT_PROTOTYPES = YES;
				CLANG_WARN_SUSPICIOUS_MOVE = YES;
				CLANG_WARN_UNREACHABLE_CODE = YES;
				CLANG_WARN__DUPLICATE_METHOD_MATCH = YES;
				COPY_PHASE_STRIP = NO;
				DEBUG_INFORMATION_FORMAT = "dwarf-with-dsym";
				ENABLE_STRICT_OBJC_MSGSEND = YES;
				ENABLE_TESTABILITY = YES;
				GCC_C_LANGUAGE_STANDARD = gnu99;
				GCC_DYNAMIC_NO_PIC = NO;
				GCC_GENERATE_TEST_COVERAGE_FILES = YES;
				GCC_INSTRUMENT_PROGRAM_FLOW_ARCS = NO;
				GCC_NO_COMMON_BLOCKS = YES;
				GCC_OPTIMIZATION_LEVEL = 0;
				GCC_PREPROCESSOR_DEFINITIONS = (
					"DEBUG=1",
					"$(inherited)",
				);
				GCC_SYMBOLS_PRIVATE_EXTERN = NO;
				GCC_WARN_64_TO_32_BIT_CONVERSION = YES;
				GCC_WARN_ABOUT_RETURN_TYPE = YES_ERROR;
				GCC_WARN_UNDECLARED_SELECTOR = YES;
				GCC_WARN_UNINITIALIZED_AUTOS = YES_AGGRESSIVE;
				GCC_WARN_UNUSED_FUNCTION = YES;
				GCC_WARN_UNUSED_VARIABLE = YES;
				IPHONEOS_DEPLOYMENT_TARGET = 8.0;
				MTL_ENABLE_DEBUG_INFO = YES;
				ONLY_ACTIVE_ARCH = YES;
				SDKROOT = iphoneos;
			};
			name = Debug;
		};
		43BE6C381B56882B001F0A00 /* Release */ = {
			isa = XCBuildConfiguration;
			buildSettings = {
				ALWAYS_SEARCH_USER_PATHS = NO;
				CLANG_CXX_LANGUAGE_STANDARD = "gnu++0x";
				CLANG_CXX_LIBRARY = "libc++";
				CLANG_ENABLE_MODULES = YES;
				CLANG_ENABLE_OBJC_ARC = YES;
				CLANG_WARN_BLOCK_CAPTURE_AUTORELEASING = YES;
				CLANG_WARN_BOOL_CONVERSION = YES;
				CLANG_WARN_COMMA = YES;
				CLANG_WARN_CONSTANT_CONVERSION = YES;
				CLANG_WARN_DIRECT_OBJC_ISA_USAGE = YES_ERROR;
				CLANG_WARN_EMPTY_BODY = YES;
				CLANG_WARN_ENUM_CONVERSION = YES;
				CLANG_WARN_INFINITE_RECURSION = YES;
				CLANG_WARN_INT_CONVERSION = YES;
				CLANG_WARN_NON_LITERAL_NULL_CONVERSION = YES;
				CLANG_WARN_OBJC_LITERAL_CONVERSION = YES;
				CLANG_WARN_OBJC_ROOT_CLASS = YES_ERROR;
				CLANG_WARN_RANGE_LOOP_ANALYSIS = YES;
				CLANG_WARN_STRICT_PROTOTYPES = YES;
				CLANG_WARN_SUSPICIOUS_MOVE = YES;
				CLANG_WARN_UNREACHABLE_CODE = YES;
				CLANG_WARN__DUPLICATE_METHOD_MATCH = YES;
				COPY_PHASE_STRIP = NO;
				DEBUG_INFORMATION_FORMAT = "dwarf-with-dsym";
				ENABLE_NS_ASSERTIONS = NO;
				ENABLE_STRICT_OBJC_MSGSEND = YES;
				GCC_C_LANGUAGE_STANDARD = gnu99;
				GCC_GENERATE_TEST_COVERAGE_FILES = YES;
				GCC_INSTRUMENT_PROGRAM_FLOW_ARCS = NO;
				GCC_NO_COMMON_BLOCKS = YES;
				GCC_WARN_64_TO_32_BIT_CONVERSION = YES;
				GCC_WARN_ABOUT_RETURN_TYPE = YES_ERROR;
				GCC_WARN_UNDECLARED_SELECTOR = YES;
				GCC_WARN_UNINITIALIZED_AUTOS = YES_AGGRESSIVE;
				GCC_WARN_UNUSED_FUNCTION = YES;
				GCC_WARN_UNUSED_VARIABLE = YES;
				IPHONEOS_DEPLOYMENT_TARGET = 8.0;
				MTL_ENABLE_DEBUG_INFO = NO;
				SDKROOT = iphoneos;
				VALIDATE_PRODUCT = YES;
			};
			name = Release;
		};
		43F541D41CD0F276002EB6C6 /* Debug */ = {
			isa = XCBuildConfiguration;
			buildSettings = {
				CLANG_ANALYZER_NONNULL = YES;
				CLANG_ENABLE_CODE_COVERAGE = NO;
				CLANG_ENABLE_MODULES = YES;
				"CODE_SIGN_IDENTITY[sdk=iphoneos*]" = "";
				CODE_SIGN_STYLE = Manual;
				CURRENT_PROJECT_VERSION = 1;
				DEBUG_INFORMATION_FORMAT = dwarf;
				DEFINES_MODULE = YES;
				DEVELOPMENT_TEAM = "";
				DYLIB_COMPATIBILITY_VERSION = 1;
				DYLIB_CURRENT_VERSION = 1;
				DYLIB_INSTALL_NAME_BASE = "@rpath";
				ENABLE_BITCODE = YES;
				GCC_INSTRUMENT_PROGRAM_FLOW_ARCS = NO;
				INFOPLIST_FILE = BIObjCHelpers/SupportingFiles/Info.plist;
				INSTALL_PATH = "$(LOCAL_LIBRARY_DIR)/Frameworks";
				IPHONEOS_DEPLOYMENT_TARGET = 8.0;
				LD_RUNPATH_SEARCH_PATHS = "$(inherited) @executable_path/Frameworks @loader_path/Frameworks";
				PRODUCT_BUNDLE_IDENTIFIER = com.bogdaniusco.BIObjCHelpers;
				PRODUCT_NAME = "$(TARGET_NAME)";
				PROVISIONING_PROFILE_SPECIFIER = "";
				SKIP_INSTALL = YES;
				SWIFT_OPTIMIZATION_LEVEL = "-Onone";
				TARGETED_DEVICE_FAMILY = "1,2";
				VERSIONING_SYSTEM = "apple-generic";
				VERSION_INFO_PREFIX = "";
			};
			name = Debug;
		};
		43F541D51CD0F276002EB6C6 /* Release */ = {
			isa = XCBuildConfiguration;
			buildSettings = {
				CLANG_ANALYZER_NONNULL = YES;
				CLANG_ENABLE_CODE_COVERAGE = NO;
				CLANG_ENABLE_MODULES = YES;
				"CODE_SIGN_IDENTITY[sdk=iphoneos*]" = "";
				CODE_SIGN_STYLE = Manual;
				CURRENT_PROJECT_VERSION = 1;
				DEFINES_MODULE = YES;
				DEVELOPMENT_TEAM = "";
				DYLIB_COMPATIBILITY_VERSION = 1;
				DYLIB_CURRENT_VERSION = 1;
				DYLIB_INSTALL_NAME_BASE = "@rpath";
				ENABLE_BITCODE = YES;
				GCC_INSTRUMENT_PROGRAM_FLOW_ARCS = NO;
				INFOPLIST_FILE = BIObjCHelpers/SupportingFiles/Info.plist;
				INSTALL_PATH = "$(LOCAL_LIBRARY_DIR)/Frameworks";
				IPHONEOS_DEPLOYMENT_TARGET = 8.0;
				LD_RUNPATH_SEARCH_PATHS = "$(inherited) @executable_path/Frameworks @loader_path/Frameworks";
				PRODUCT_BUNDLE_IDENTIFIER = com.bogdaniusco.BIObjCHelpers;
				PRODUCT_NAME = "$(TARGET_NAME)";
				PROVISIONING_PROFILE_SPECIFIER = "";
				SKIP_INSTALL = YES;
				TARGETED_DEVICE_FAMILY = "1,2";
				VERSIONING_SYSTEM = "apple-generic";
				VERSION_INFO_PREFIX = "";
			};
			name = Release;
		};
		43F541D61CD0F276002EB6C6 /* Debug */ = {
			isa = XCBuildConfiguration;
			buildSettings = {
				CLANG_ANALYZER_NONNULL = YES;
				CLANG_ENABLE_CODE_COVERAGE = YES;
				"CODE_SIGN_IDENTITY[sdk=iphoneos*]" = "iPhone Developer";
				CODE_SIGN_STYLE = Manual;
				DEBUG_INFORMATION_FORMAT = dwarf;
				DEVELOPMENT_TEAM = "";
				GCC_INSTRUMENT_PROGRAM_FLOW_ARCS = YES;
				GCC_PREPROCESSOR_DEFINITIONS = (
					"$(inherited)",
					"COCOAPODS=1",
				);
				INFOPLIST_FILE = BIObjCHelpersTests/SupportingFiles/Info.plist;
				IPHONEOS_DEPLOYMENT_TARGET = 9.3;
				LD_RUNPATH_SEARCH_PATHS = "$(inherited) @executable_path/Frameworks @loader_path/Frameworks";
				PRODUCT_BUNDLE_IDENTIFIER = com.bogdaniusco.BIObjCHelpersTests;
				PRODUCT_NAME = "$(TARGET_NAME)";
				PROVISIONING_PROFILE_SPECIFIER = "";
			};
			name = Debug;
		};
		43F541D71CD0F276002EB6C6 /* Release */ = {
			isa = XCBuildConfiguration;
			buildSettings = {
				CLANG_ANALYZER_NONNULL = YES;
				CLANG_ENABLE_CODE_COVERAGE = YES;
				"CODE_SIGN_IDENTITY[sdk=iphoneos*]" = "iPhone Developer";
				CODE_SIGN_STYLE = Manual;
				DEVELOPMENT_TEAM = "";
				GCC_INSTRUMENT_PROGRAM_FLOW_ARCS = YES;
				INFOPLIST_FILE = BIObjCHelpersTests/SupportingFiles/Info.plist;
				IPHONEOS_DEPLOYMENT_TARGET = 9.3;
				LD_RUNPATH_SEARCH_PATHS = "$(inherited) @executable_path/Frameworks @loader_path/Frameworks";
				PRODUCT_BUNDLE_IDENTIFIER = com.bogdaniusco.BIObjCHelpersTests;
				PRODUCT_NAME = "$(TARGET_NAME)";
				PROVISIONING_PROFILE_SPECIFIER = "";
			};
			name = Release;
		};
/* End XCBuildConfiguration section */

/* Begin XCConfigurationList section */
		43BE6C201B56882B001F0A00 /* Build configuration list for PBXProject "BIObjCHelpers" */ = {
			isa = XCConfigurationList;
			buildConfigurations = (
				43BE6C371B56882B001F0A00 /* Debug */,
				43BE6C381B56882B001F0A00 /* Release */,
			);
			defaultConfigurationIsVisible = 0;
			defaultConfigurationName = Release;
		};
		43F541D81CD0F276002EB6C6 /* Build configuration list for PBXNativeTarget "BIObjCHelpers" */ = {
			isa = XCConfigurationList;
			buildConfigurations = (
				43F541D41CD0F276002EB6C6 /* Debug */,
				43F541D51CD0F276002EB6C6 /* Release */,
			);
			defaultConfigurationIsVisible = 0;
			defaultConfigurationName = Release;
		};
		43F541D91CD0F276002EB6C6 /* Build configuration list for PBXNativeTarget "BIObjCHelpersTests" */ = {
			isa = XCConfigurationList;
			buildConfigurations = (
				43F541D61CD0F276002EB6C6 /* Debug */,
				43F541D71CD0F276002EB6C6 /* Release */,
			);
			defaultConfigurationIsVisible = 0;
			defaultConfigurationName = Release;
		};
/* End XCConfigurationList section */
	};
	rootObject = 43BE6C1D1B56882B001F0A00 /* Project object */;
}
