// !$*UTF8*$!
{
	archiveVersion = 1;
	classes = {
	};
	objectVersion = 46;
	objects = {

/* Begin PBXBuildFile section */
		3414D852405A7B7BCBF938E9 /* libPods.a in Frameworks */ = {isa = PBXBuildFile; fileRef = 875251456342497C5A42EB63 /* libPods.a */; };
		6527C94B1A5FC65E0088D9BC /* BITestCaseCoreData.m in Sources */ = {isa = PBXBuildFile; fileRef = 6527C94A1A5FC65E0088D9BC /* BITestCaseCoreData.m */; };
		6527C94E1A5FD9B30088D9BC /* _BIModelBase.m in Sources */ = {isa = PBXBuildFile; fileRef = 6527C94D1A5FD9B30088D9BC /* _BIModelBase.m */; };
		6527C9511A5FDB400088D9BC /* _BICapital.m in Sources */ = {isa = PBXBuildFile; fileRef = 6527C9501A5FDB400088D9BC /* _BICapital.m */; };
		6527C9541A5FDB740088D9BC /* BIModelBase.m in Sources */ = {isa = PBXBuildFile; fileRef = 6527C9531A5FDB740088D9BC /* BIModelBase.m */; };
		6527C9571A5FDC240088D9BC /* BICapital.m in Sources */ = {isa = PBXBuildFile; fileRef = 6527C9561A5FDC240088D9BC /* BICapital.m */; };
		6527C95D1A5FDC610088D9BC /* _BICountry.m in Sources */ = {isa = PBXBuildFile; fileRef = 6527C95C1A5FDC610088D9BC /* _BICountry.m */; };
		6527C9601A5FDD6D0088D9BC /* BICountry.m in Sources */ = {isa = PBXBuildFile; fileRef = 6527C95F1A5FDD6D0088D9BC /* BICountry.m */; };
		6527C9651A5FDF3B0088D9BC /* BIModelBaseTestCase.m in Sources */ = {isa = PBXBuildFile; fileRef = 6527C9641A5FDF3B0088D9BC /* BIModelBaseTestCase.m */; };
		6527C9681A5FF54E0088D9BC /* BICapitalTestCase.m in Sources */ = {isa = PBXBuildFile; fileRef = 6527C9671A5FF54E0088D9BC /* BICapitalTestCase.m */; };
		6527C9811A5FF7010088D9BC /* NSString+RandomTest.m in Sources */ = {isa = PBXBuildFile; fileRef = 6527C9801A5FF7010088D9BC /* NSString+RandomTest.m */; };
		6527C9831A5FFA210088D9BC /* BICountryTestCase.m in Sources */ = {isa = PBXBuildFile; fileRef = 6527C9821A5FFA210088D9BC /* BICountryTestCase.m */; };
		654D9AD31A5E9EFA00D853C4 /* BIObjCHelpersExample.xcdatamodeld in Sources */ = {isa = PBXBuildFile; fileRef = 654D9AD11A5E9EFA00D853C4 /* BIObjCHelpersExample.xcdatamodeld */; };
		655C47521A6569D6001A0AAE /* NSFetchedResultsController+BITestHelpers.m in Sources */ = {isa = PBXBuildFile; fileRef = 655C47511A6569D6001A0AAE /* NSFetchedResultsController+BITestHelpers.m */; };
		655C47731A658938001A0AAE /* BIAllCountriesTableViewController.m in Sources */ = {isa = PBXBuildFile; fileRef = 655C47721A658938001A0AAE /* BIAllCountriesTableViewController.m */; };
		655C47761A65896B001A0AAE /* BIAllCapitalsCollectionViewController.m in Sources */ = {isa = PBXBuildFile; fileRef = 655C47751A65896B001A0AAE /* BIAllCapitalsCollectionViewController.m */; };
		655C47941A659A86001A0AAE /* BIAppStartersFactory.m in Sources */ = {isa = PBXBuildFile; fileRef = 655C47931A659A86001A0AAE /* BIAppStartersFactory.m */; };
		655C47971A659AAE001A0AAE /* BIAppStarterSetupCoreData.m in Sources */ = {isa = PBXBuildFile; fileRef = 655C47961A659AAE001A0AAE /* BIAppStarterSetupCoreData.m */; };
		655C479A1A659F20001A0AAE /* DefaultData.plist in Resources */ = {isa = PBXBuildFile; fileRef = 655C47991A659F20001A0AAE /* DefaultData.plist */; };
		655C479D1A65A17A001A0AAE /* BIAppStarterPopulateCoreData.m in Sources */ = {isa = PBXBuildFile; fileRef = 655C479C1A65A17A001A0AAE /* BIAppStarterPopulateCoreData.m */; };
		655C479F1A65A623001A0AAE /* BIAppStarterPopulateCoreDataTestCase.m in Sources */ = {isa = PBXBuildFile; fileRef = 655C479E1A65A623001A0AAE /* BIAppStarterPopulateCoreDataTestCase.m */; };
		6566331E1A6940B800A9BD67 /* BIAllCountriesDatasource.m in Sources */ = {isa = PBXBuildFile; fileRef = 6566331D1A6940B800A9BD67 /* BIAllCountriesDatasource.m */; };
		656633251A69464700A9BD67 /* BIAllCapitalsDatasource.m in Sources */ = {isa = PBXBuildFile; fileRef = 656633241A69464700A9BD67 /* BIAllCapitalsDatasource.m */; };
		6566332A1A69473200A9BD67 /* BIAllCapitalsCollectionViewCell.m in Sources */ = {isa = PBXBuildFile; fileRef = 656633291A69473200A9BD67 /* BIAllCapitalsCollectionViewCell.m */; };
		658AF6961A56BB8E00D48C74 /* BIAppDelegate.m in Sources */ = {isa = PBXBuildFile; fileRef = 658AF68A1A56BB8E00D48C74 /* BIAppDelegate.m */; };
		658AF6971A56BB8E00D48C74 /* BIMain.storyboard in Resources */ = {isa = PBXBuildFile; fileRef = 658AF68C1A56BB8E00D48C74 /* BIMain.storyboard */; };
		658AF6991A56BB8E00D48C74 /* Images.xcassets in Resources */ = {isa = PBXBuildFile; fileRef = 658AF6931A56BB8E00D48C74 /* Images.xcassets */; };
		658AF69A1A56BB8E00D48C74 /* BILaunchScreen.xib in Resources */ = {isa = PBXBuildFile; fileRef = 658AF6951A56BB8E00D48C74 /* BILaunchScreen.xib */; };
		658AF69F1A56BB9C00D48C74 /* main.m in Sources */ = {isa = PBXBuildFile; fileRef = 658AF69D1A56BB9C00D48C74 /* main.m */; };
		65D624701A63AB4700095EF0 /* BIAppStartersFactoryTestCase.m in Sources */ = {isa = PBXBuildFile; fileRef = 65D6246F1A63AB4700095EF0 /* BIAppStartersFactoryTestCase.m */; };
		91614A9C1B948E2500D00EB2 /* BIExampleFeedCollectionViewController.m in Sources */ = {isa = PBXBuildFile; fileRef = 91614A9B1B948E2500D00EB2 /* BIExampleFeedCollectionViewController.m */; };
		91614A9F1B948E5200D00EB2 /* BIExampleDatasourceFeedTableView.m in Sources */ = {isa = PBXBuildFile; fileRef = 91614A9E1B948E5200D00EB2 /* BIExampleDatasourceFeedTableView.m */; };
		91614AA21B948E5900D00EB2 /* BIExampleFeedTableViewController.m in Sources */ = {isa = PBXBuildFile; fileRef = 91614AA11B948E5900D00EB2 /* BIExampleFeedTableViewController.m */; };
		916D3E911B9592A300D93B6B /* BIExampleCollectionViewCell.m in Sources */ = {isa = PBXBuildFile; fileRef = 916D3E8F1B9592A300D93B6B /* BIExampleCollectionViewCell.m */; };
		91E9ECF41B957EFA0009C4F1 /* BIExampleDatasourceFeedCollectionView.m in Sources */ = {isa = PBXBuildFile; fileRef = 91E9ECF31B957EFA0009C4F1 /* BIExampleDatasourceFeedCollectionView.m */; };
		9CBFC2787F0722703A7A167B /* libPods-BIObjCHelpersExampleTests.a in Frameworks */ = {isa = PBXBuildFile; fileRef = 46CA5FA87E9AD752021D8E56 /* libPods-BIObjCHelpersExampleTests.a */; };
/* End PBXBuildFile section */

/* Begin PBXContainerItemProxy section */
		658AF6791A56BAA600D48C74 /* PBXContainerItemProxy */ = {
			isa = PBXContainerItemProxy;
			containerPortal = 658AF6571A56BAA500D48C74 /* Project object */;
			proxyType = 1;
			remoteGlobalIDString = 658AF65E1A56BAA500D48C74;
			remoteInfo = BIObjCHelpersExample;
		};
/* End PBXContainerItemProxy section */

/* Begin PBXFileReference section */
		46CA5FA87E9AD752021D8E56 /* libPods-BIObjCHelpersExampleTests.a */ = {isa = PBXFileReference; explicitFileType = archive.ar; includeInIndex = 0; path = "libPods-BIObjCHelpersExampleTests.a"; sourceTree = BUILT_PRODUCTS_DIR; };
		6527C94A1A5FC65E0088D9BC /* BITestCaseCoreData.m */ = {isa = PBXFileReference; fileEncoding = 4; lastKnownFileType = sourcecode.c.objc; name = BITestCaseCoreData.m; path = Helpers/TestCases/BITestCaseCoreData.m; sourceTree = "<group>"; };
		6527C94C1A5FD9B30088D9BC /* _BIModelBase.h */ = {isa = PBXFileReference; fileEncoding = 4; lastKnownFileType = sourcecode.c.h; path = _BIModelBase.h; sourceTree = "<group>"; };
		6527C94D1A5FD9B30088D9BC /* _BIModelBase.m */ = {isa = PBXFileReference; fileEncoding = 4; lastKnownFileType = sourcecode.c.objc; path = _BIModelBase.m; sourceTree = "<group>"; };
		6527C94F1A5FDB400088D9BC /* _BICapital.h */ = {isa = PBXFileReference; fileEncoding = 4; lastKnownFileType = sourcecode.c.h; path = _BICapital.h; sourceTree = "<group>"; };
		6527C9501A5FDB400088D9BC /* _BICapital.m */ = {isa = PBXFileReference; fileEncoding = 4; lastKnownFileType = sourcecode.c.objc; path = _BICapital.m; sourceTree = "<group>"; };
		6527C9521A5FDB740088D9BC /* BIModelBase.h */ = {isa = PBXFileReference; fileEncoding = 4; lastKnownFileType = sourcecode.c.h; path = BIModelBase.h; sourceTree = "<group>"; };
		6527C9531A5FDB740088D9BC /* BIModelBase.m */ = {isa = PBXFileReference; fileEncoding = 4; lastKnownFileType = sourcecode.c.objc; path = BIModelBase.m; sourceTree = "<group>"; };
		6527C9551A5FDC240088D9BC /* BICapital.h */ = {isa = PBXFileReference; fileEncoding = 4; lastKnownFileType = sourcecode.c.h; path = BICapital.h; sourceTree = "<group>"; };
		6527C9561A5FDC240088D9BC /* BICapital.m */ = {isa = PBXFileReference; fileEncoding = 4; lastKnownFileType = sourcecode.c.objc; path = BICapital.m; sourceTree = "<group>"; };
		6527C95B1A5FDC610088D9BC /* _BICountry.h */ = {isa = PBXFileReference; fileEncoding = 4; lastKnownFileType = sourcecode.c.h; path = _BICountry.h; sourceTree = "<group>"; };
		6527C95C1A5FDC610088D9BC /* _BICountry.m */ = {isa = PBXFileReference; fileEncoding = 4; lastKnownFileType = sourcecode.c.objc; path = _BICountry.m; sourceTree = "<group>"; };
		6527C95E1A5FDD6D0088D9BC /* BICountry.h */ = {isa = PBXFileReference; fileEncoding = 4; lastKnownFileType = sourcecode.c.h; name = BICountry.h; path = BIObjCHelpersExample/Classes/Model/Entities/BICountry.h; sourceTree = SOURCE_ROOT; };
		6527C95F1A5FDD6D0088D9BC /* BICountry.m */ = {isa = PBXFileReference; fileEncoding = 4; lastKnownFileType = sourcecode.c.objc; name = BICountry.m; path = BIObjCHelpersExample/Classes/Model/Entities/BICountry.m; sourceTree = SOURCE_ROOT; };
		6527C9641A5FDF3B0088D9BC /* BIModelBaseTestCase.m */ = {isa = PBXFileReference; fileEncoding = 4; lastKnownFileType = sourcecode.c.objc; name = BIModelBaseTestCase.m; path = Tests/Model/Entities/BIModelBaseTestCase.m; sourceTree = "<group>"; };
		6527C9661A5FDF960088D9BC /* BITestCaseCoreData.h */ = {isa = PBXFileReference; lastKnownFileType = sourcecode.c.h; name = BITestCaseCoreData.h; path = Helpers/TestCases/BITestCaseCoreData.h; sourceTree = "<group>"; };
		6527C9671A5FF54E0088D9BC /* BICapitalTestCase.m */ = {isa = PBXFileReference; fileEncoding = 4; lastKnownFileType = sourcecode.c.objc; name = BICapitalTestCase.m; path = Tests/Model/Entities/BICapitalTestCase.m; sourceTree = "<group>"; };
		6527C97F1A5FF7010088D9BC /* NSString+RandomTest.h */ = {isa = PBXFileReference; fileEncoding = 4; lastKnownFileType = sourcecode.c.h; name = "NSString+RandomTest.h"; path = "Helpers/Categories/NSString/NSString+RandomTest.h"; sourceTree = "<group>"; };
		6527C9801A5FF7010088D9BC /* NSString+RandomTest.m */ = {isa = PBXFileReference; fileEncoding = 4; lastKnownFileType = sourcecode.c.objc; name = "NSString+RandomTest.m"; path = "Helpers/Categories/NSString/NSString+RandomTest.m"; sourceTree = "<group>"; };
		6527C9821A5FFA210088D9BC /* BICountryTestCase.m */ = {isa = PBXFileReference; fileEncoding = 4; lastKnownFileType = sourcecode.c.objc; name = BICountryTestCase.m; path = Tests/Model/Entities/BICountryTestCase.m; sourceTree = "<group>"; };
		654D9AD21A5E9EFA00D853C4 /* BIObjCHelpersExample.xcdatamodel */ = {isa = PBXFileReference; lastKnownFileType = wrapper.xcdatamodel; path = BIObjCHelpersExample.xcdatamodel; sourceTree = "<group>"; };
		655C47501A6569D6001A0AAE /* NSFetchedResultsController+BITestHelpers.h */ = {isa = PBXFileReference; fileEncoding = 4; lastKnownFileType = sourcecode.c.h; name = "NSFetchedResultsController+BITestHelpers.h"; path = "Helpers/Categories/NSFetchedResultsController/NSFetchedResultsController+BITestHelpers.h"; sourceTree = "<group>"; };
		655C47511A6569D6001A0AAE /* NSFetchedResultsController+BITestHelpers.m */ = {isa = PBXFileReference; fileEncoding = 4; lastKnownFileType = sourcecode.c.objc; name = "NSFetchedResultsController+BITestHelpers.m"; path = "Helpers/Categories/NSFetchedResultsController/NSFetchedResultsController+BITestHelpers.m"; sourceTree = "<group>"; };
		655C47671A6575A5001A0AAE /* BIObjCHelpersExampleTests.pch */ = {isa = PBXFileReference; lastKnownFileType = sourcecode.c.h; name = BIObjCHelpersExampleTests.pch; path = SupportingFiles/BIObjCHelpersExampleTests.pch; sourceTree = "<group>"; };
		655C47711A658938001A0AAE /* BIAllCountriesTableViewController.h */ = {isa = PBXFileReference; fileEncoding = 4; lastKnownFileType = sourcecode.c.h; path = BIAllCountriesTableViewController.h; sourceTree = "<group>"; };
		655C47721A658938001A0AAE /* BIAllCountriesTableViewController.m */ = {isa = PBXFileReference; fileEncoding = 4; lastKnownFileType = sourcecode.c.objc; path = BIAllCountriesTableViewController.m; sourceTree = "<group>"; };
		655C47741A65896B001A0AAE /* BIAllCapitalsCollectionViewController.h */ = {isa = PBXFileReference; fileEncoding = 4; lastKnownFileType = sourcecode.c.h; path = BIAllCapitalsCollectionViewController.h; sourceTree = "<group>"; };
		655C47751A65896B001A0AAE /* BIAllCapitalsCollectionViewController.m */ = {isa = PBXFileReference; fileEncoding = 4; lastKnownFileType = sourcecode.c.objc; path = BIAllCapitalsCollectionViewController.m; sourceTree = "<group>"; };
		655C47921A659A86001A0AAE /* BIAppStartersFactory.h */ = {isa = PBXFileReference; fileEncoding = 4; lastKnownFileType = sourcecode.c.h; path = BIAppStartersFactory.h; sourceTree = "<group>"; };
		655C47931A659A86001A0AAE /* BIAppStartersFactory.m */ = {isa = PBXFileReference; fileEncoding = 4; lastKnownFileType = sourcecode.c.objc; path = BIAppStartersFactory.m; sourceTree = "<group>"; };
		655C47951A659AAE001A0AAE /* BIAppStarterSetupCoreData.h */ = {isa = PBXFileReference; fileEncoding = 4; lastKnownFileType = sourcecode.c.h; path = BIAppStarterSetupCoreData.h; sourceTree = "<group>"; };
		655C47961A659AAE001A0AAE /* BIAppStarterSetupCoreData.m */ = {isa = PBXFileReference; fileEncoding = 4; lastKnownFileType = sourcecode.c.objc; path = BIAppStarterSetupCoreData.m; sourceTree = "<group>"; };
		655C47991A659F20001A0AAE /* DefaultData.plist */ = {isa = PBXFileReference; fileEncoding = 4; lastKnownFileType = text.plist.xml; name = DefaultData.plist; path = DefaultData/DefaultData.plist; sourceTree = "<group>"; };
		655C479B1A65A17A001A0AAE /* BIAppStarterPopulateCoreData.h */ = {isa = PBXFileReference; fileEncoding = 4; lastKnownFileType = sourcecode.c.h; path = BIAppStarterPopulateCoreData.h; sourceTree = "<group>"; };
		655C479C1A65A17A001A0AAE /* BIAppStarterPopulateCoreData.m */ = {isa = PBXFileReference; fileEncoding = 4; lastKnownFileType = sourcecode.c.objc; path = BIAppStarterPopulateCoreData.m; sourceTree = "<group>"; };
		655C479E1A65A623001A0AAE /* BIAppStarterPopulateCoreDataTestCase.m */ = {isa = PBXFileReference; fileEncoding = 4; lastKnownFileType = sourcecode.c.objc; name = BIAppStarterPopulateCoreDataTestCase.m; path = Tests/Helpers/Starters/BIAppStarterPopulateCoreDataTestCase.m; sourceTree = "<group>"; };
		6566331C1A6940B800A9BD67 /* BIAllCountriesDatasource.h */ = {isa = PBXFileReference; fileEncoding = 4; lastKnownFileType = sourcecode.c.h; name = BIAllCountriesDatasource.h; path = Datasource/BIAllCountriesDatasource.h; sourceTree = "<group>"; };
		6566331D1A6940B800A9BD67 /* BIAllCountriesDatasource.m */ = {isa = PBXFileReference; fileEncoding = 4; lastKnownFileType = sourcecode.c.objc; name = BIAllCountriesDatasource.m; path = Datasource/BIAllCountriesDatasource.m; sourceTree = "<group>"; };
		656633231A69464700A9BD67 /* BIAllCapitalsDatasource.h */ = {isa = PBXFileReference; fileEncoding = 4; lastKnownFileType = sourcecode.c.h; name = BIAllCapitalsDatasource.h; path = Datasource/BIAllCapitalsDatasource.h; sourceTree = "<group>"; };
		656633241A69464700A9BD67 /* BIAllCapitalsDatasource.m */ = {isa = PBXFileReference; fileEncoding = 4; lastKnownFileType = sourcecode.c.objc; name = BIAllCapitalsDatasource.m; path = Datasource/BIAllCapitalsDatasource.m; sourceTree = "<group>"; };
		656633281A69473200A9BD67 /* BIAllCapitalsCollectionViewCell.h */ = {isa = PBXFileReference; fileEncoding = 4; lastKnownFileType = sourcecode.c.h; name = BIAllCapitalsCollectionViewCell.h; path = Views/Cell/BIAllCapitalsCollectionViewCell.h; sourceTree = "<group>"; };
		656633291A69473200A9BD67 /* BIAllCapitalsCollectionViewCell.m */ = {isa = PBXFileReference; fileEncoding = 4; lastKnownFileType = sourcecode.c.objc; name = BIAllCapitalsCollectionViewCell.m; path = Views/Cell/BIAllCapitalsCollectionViewCell.m; sourceTree = "<group>"; };
		658AF65F1A56BAA500D48C74 /* BIObjCHelpersExample.app */ = {isa = PBXFileReference; explicitFileType = wrapper.application; includeInIndex = 0; path = BIObjCHelpersExample.app; sourceTree = BUILT_PRODUCTS_DIR; };
		658AF6781A56BAA600D48C74 /* BIObjCHelpersExampleTests.xctest */ = {isa = PBXFileReference; explicitFileType = wrapper.cfbundle; includeInIndex = 0; path = BIObjCHelpersExampleTests.xctest; sourceTree = BUILT_PRODUCTS_DIR; };
		658AF67D1A56BAA600D48C74 /* Info.plist */ = {isa = PBXFileReference; lastKnownFileType = text.plist.xml; name = Info.plist; path = SupportingFiles/Info.plist; sourceTree = "<group>"; };
		658AF6891A56BB8E00D48C74 /* BIAppDelegate.h */ = {isa = PBXFileReference; fileEncoding = 4; lastKnownFileType = sourcecode.c.h; path = BIAppDelegate.h; sourceTree = "<group>"; };
		658AF68A1A56BB8E00D48C74 /* BIAppDelegate.m */ = {isa = PBXFileReference; fileEncoding = 4; lastKnownFileType = sourcecode.c.objc; path = BIAppDelegate.m; sourceTree = "<group>"; };
		658AF68C1A56BB8E00D48C74 /* BIMain.storyboard */ = {isa = PBXFileReference; fileEncoding = 4; lastKnownFileType = file.storyboard; path = BIMain.storyboard; sourceTree = "<group>"; };
		658AF6931A56BB8E00D48C74 /* Images.xcassets */ = {isa = PBXFileReference; lastKnownFileType = folder.assetcatalog; path = Images.xcassets; sourceTree = "<group>"; };
		658AF6951A56BB8E00D48C74 /* BILaunchScreen.xib */ = {isa = PBXFileReference; fileEncoding = 4; lastKnownFileType = file.xib; path = BILaunchScreen.xib; sourceTree = "<group>"; };
		658AF69C1A56BB9C00D48C74 /* Info.plist */ = {isa = PBXFileReference; fileEncoding = 4; lastKnownFileType = text.plist.xml; path = Info.plist; sourceTree = "<group>"; };
		658AF69D1A56BB9C00D48C74 /* main.m */ = {isa = PBXFileReference; fileEncoding = 4; lastKnownFileType = sourcecode.c.objc; path = main.m; sourceTree = "<group>"; };
		65D6246F1A63AB4700095EF0 /* BIAppStartersFactoryTestCase.m */ = {isa = PBXFileReference; fileEncoding = 4; lastKnownFileType = sourcecode.c.objc; name = BIAppStartersFactoryTestCase.m; path = Tests/Helpers/Starters/BIAppStartersFactoryTestCase.m; sourceTree = "<group>"; };
		72913F596A1BB0AB3CA8003A /* Pods.debug.xcconfig */ = {isa = PBXFileReference; includeInIndex = 1; lastKnownFileType = text.xcconfig; name = Pods.debug.xcconfig; path = "Pods/Target Support Files/Pods/Pods.debug.xcconfig"; sourceTree = "<group>"; };
		7CC316F00CB20E763F363544 /* Pods-BIObjCHelpersExampleTests.debug.xcconfig */ = {isa = PBXFileReference; includeInIndex = 1; lastKnownFileType = text.xcconfig; name = "Pods-BIObjCHelpersExampleTests.debug.xcconfig"; path = "Pods/Target Support Files/Pods-BIObjCHelpersExampleTests/Pods-BIObjCHelpersExampleTests.debug.xcconfig"; sourceTree = "<group>"; };
		7F18AFB62E9ED4DFAEB9B6D8 /* Pods.release.xcconfig */ = {isa = PBXFileReference; includeInIndex = 1; lastKnownFileType = text.xcconfig; name = Pods.release.xcconfig; path = "Pods/Target Support Files/Pods/Pods.release.xcconfig"; sourceTree = "<group>"; };
		875251456342497C5A42EB63 /* libPods.a */ = {isa = PBXFileReference; explicitFileType = archive.ar; includeInIndex = 0; path = libPods.a; sourceTree = BUILT_PRODUCTS_DIR; };
		8A0A28CA1F5D3FE5397875F9 /* Pods-BIObjCHelpersExampleTests.release.xcconfig */ = {isa = PBXFileReference; includeInIndex = 1; lastKnownFileType = text.xcconfig; name = "Pods-BIObjCHelpersExampleTests.release.xcconfig"; path = "Pods/Target Support Files/Pods-BIObjCHelpersExampleTests/Pods-BIObjCHelpersExampleTests.release.xcconfig"; sourceTree = "<group>"; };
		91614A9A1B948E2500D00EB2 /* BIExampleFeedCollectionViewController.h */ = {isa = PBXFileReference; fileEncoding = 4; lastKnownFileType = sourcecode.c.h; name = BIExampleFeedCollectionViewController.h; path = "CollectionView Feed/ViewController/BIExampleFeedCollectionViewController.h"; sourceTree = "<group>"; };
		91614A9B1B948E2500D00EB2 /* BIExampleFeedCollectionViewController.m */ = {isa = PBXFileReference; fileEncoding = 4; lastKnownFileType = sourcecode.c.objc; name = BIExampleFeedCollectionViewController.m; path = "CollectionView Feed/ViewController/BIExampleFeedCollectionViewController.m"; sourceTree = "<group>"; };
		91614A9D1B948E5200D00EB2 /* BIExampleDatasourceFeedTableView.h */ = {isa = PBXFileReference; fileEncoding = 4; lastKnownFileType = sourcecode.c.h; name = BIExampleDatasourceFeedTableView.h; path = "TableView Feed/Datasource/BIExampleDatasourceFeedTableView.h"; sourceTree = "<group>"; };
		91614A9E1B948E5200D00EB2 /* BIExampleDatasourceFeedTableView.m */ = {isa = PBXFileReference; fileEncoding = 4; lastKnownFileType = sourcecode.c.objc; name = BIExampleDatasourceFeedTableView.m; path = "TableView Feed/Datasource/BIExampleDatasourceFeedTableView.m"; sourceTree = "<group>"; };
		91614AA01B948E5900D00EB2 /* BIExampleFeedTableViewController.h */ = {isa = PBXFileReference; fileEncoding = 4; lastKnownFileType = sourcecode.c.h; name = BIExampleFeedTableViewController.h; path = "TableView Feed/ViewController/BIExampleFeedTableViewController.h"; sourceTree = "<group>"; };
		91614AA11B948E5900D00EB2 /* BIExampleFeedTableViewController.m */ = {isa = PBXFileReference; fileEncoding = 4; lastKnownFileType = sourcecode.c.objc; name = BIExampleFeedTableViewController.m; path = "TableView Feed/ViewController/BIExampleFeedTableViewController.m"; sourceTree = "<group>"; };
		916D3E8E1B9592A300D93B6B /* BIExampleCollectionViewCell.h */ = {isa = PBXFileReference; fileEncoding = 4; lastKnownFileType = sourcecode.c.h; name = BIExampleCollectionViewCell.h; path = "CollectionView Feed/Views/Cell/BIExampleCollectionViewCell.h"; sourceTree = "<group>"; };
		916D3E8F1B9592A300D93B6B /* BIExampleCollectionViewCell.m */ = {isa = PBXFileReference; fileEncoding = 4; lastKnownFileType = sourcecode.c.objc; name = BIExampleCollectionViewCell.m; path = "CollectionView Feed/Views/Cell/BIExampleCollectionViewCell.m"; sourceTree = "<group>"; };
		91E9ECF21B957EFA0009C4F1 /* BIExampleDatasourceFeedCollectionView.h */ = {isa = PBXFileReference; fileEncoding = 4; lastKnownFileType = sourcecode.c.h; name = BIExampleDatasourceFeedCollectionView.h; path = "CollectionView Feed/DataSource/BIExampleDatasourceFeedCollectionView.h"; sourceTree = "<group>"; };
		91E9ECF31B957EFA0009C4F1 /* BIExampleDatasourceFeedCollectionView.m */ = {isa = PBXFileReference; fileEncoding = 4; lastKnownFileType = sourcecode.c.objc; name = BIExampleDatasourceFeedCollectionView.m; path = "CollectionView Feed/DataSource/BIExampleDatasourceFeedCollectionView.m"; sourceTree = "<group>"; };
/* End PBXFileReference section */

/* Begin PBXFrameworksBuildPhase section */
		658AF65C1A56BAA500D48C74 /* Frameworks */ = {
			isa = PBXFrameworksBuildPhase;
			buildActionMask = 2147483647;
			files = (
				3414D852405A7B7BCBF938E9 /* libPods.a in Frameworks */,
			);
			runOnlyForDeploymentPostprocessing = 0;
		};
		658AF6751A56BAA600D48C74 /* Frameworks */ = {
			isa = PBXFrameworksBuildPhase;
			buildActionMask = 2147483647;
			files = (
				9CBFC2787F0722703A7A167B /* libPods-BIObjCHelpersExampleTests.a in Frameworks */,
			);
			runOnlyForDeploymentPostprocessing = 0;
		};
/* End PBXFrameworksBuildPhase section */

/* Begin PBXGroup section */
		2550397FA7F5C4AB420D5DC3 /* Frameworks */ = {
			isa = PBXGroup;
			children = (
				875251456342497C5A42EB63 /* libPods.a */,
				46CA5FA87E9AD752021D8E56 /* libPods-BIObjCHelpersExampleTests.a */,
			);
			name = Frameworks;
			sourceTree = "<group>";
		};
		4329820F1B551C67009B2FDC /* TableView Feed */ = {
			isa = PBXGroup;
			children = (
				4329821C1B5529D2009B2FDC /* Datasource */,
				432982101B551C7E009B2FDC /* VIewController */,
			);
			name = "TableView Feed";
			sourceTree = "<group>";
		};
		432982101B551C7E009B2FDC /* VIewController */ = {
			isa = PBXGroup;
			children = (
				91614AA01B948E5900D00EB2 /* BIExampleFeedTableViewController.h */,
				91614AA11B948E5900D00EB2 /* BIExampleFeedTableViewController.m */,
			);
			name = VIewController;
			sourceTree = "<group>";
		};
		4329821C1B5529D2009B2FDC /* Datasource */ = {
			isa = PBXGroup;
			children = (
				91614A9D1B948E5200D00EB2 /* BIExampleDatasourceFeedTableView.h */,
				91614A9E1B948E5200D00EB2 /* BIExampleDatasourceFeedTableView.m */,
			);
			name = Datasource;
			sourceTree = "<group>";
		};
		6527C9341A5FC4D80088D9BC /* Entities */ = {
			isa = PBXGroup;
			children = (
				6527C93B1A5FC4D80088D9BC /* Private */,
				6527C9521A5FDB740088D9BC /* BIModelBase.h */,
				6527C9531A5FDB740088D9BC /* BIModelBase.m */,
				6527C9551A5FDC240088D9BC /* BICapital.h */,
				6527C9561A5FDC240088D9BC /* BICapital.m */,
				6527C95E1A5FDD6D0088D9BC /* BICountry.h */,
				6527C95F1A5FDD6D0088D9BC /* BICountry.m */,
			);
			name = Entities;
			path = Model/Entities;
			sourceTree = "<group>";
		};
		6527C93B1A5FC4D80088D9BC /* Private */ = {
			isa = PBXGroup;
			children = (
				6527C94C1A5FD9B30088D9BC /* _BIModelBase.h */,
				6527C94D1A5FD9B30088D9BC /* _BIModelBase.m */,
				6527C94F1A5FDB400088D9BC /* _BICapital.h */,
				6527C9501A5FDB400088D9BC /* _BICapital.m */,
				6527C95B1A5FDC610088D9BC /* _BICountry.h */,
				6527C95C1A5FDC610088D9BC /* _BICountry.m */,
			);
			path = Private;
			sourceTree = "<group>";
		};
		6527C9481A5FC6030088D9BC /* Helpers */ = {
			isa = PBXGroup;
			children = (
				6527C97D1A5FF6C30088D9BC /* Categories */,
				6527C9491A5FC60C0088D9BC /* TestCases */,
			);
			name = Helpers;
			sourceTree = "<group>";
		};
		6527C9491A5FC60C0088D9BC /* TestCases */ = {
			isa = PBXGroup;
			children = (
				6527C9661A5FDF960088D9BC /* BITestCaseCoreData.h */,
				6527C94A1A5FC65E0088D9BC /* BITestCaseCoreData.m */,
			);
			name = TestCases;
			sourceTree = "<group>";
		};
		6527C9611A5FDEF60088D9BC /* Model */ = {
			isa = PBXGroup;
			children = (
				6527C9621A5FDEF90088D9BC /* Entities */,
			);
			name = Model;
			sourceTree = "<group>";
		};
		6527C9621A5FDEF90088D9BC /* Entities */ = {
			isa = PBXGroup;
			children = (
				6527C9641A5FDF3B0088D9BC /* BIModelBaseTestCase.m */,
				6527C9671A5FF54E0088D9BC /* BICapitalTestCase.m */,
				6527C9821A5FFA210088D9BC /* BICountryTestCase.m */,
			);
			name = Entities;
			sourceTree = "<group>";
		};
		6527C97D1A5FF6C30088D9BC /* Categories */ = {
			isa = PBXGroup;
			children = (
				655C474F1A6569AF001A0AAE /* NSFetchedResultsController */,
				6527C97E1A5FF6DC0088D9BC /* NSString */,
			);
			name = Categories;
			sourceTree = "<group>";
		};
		6527C97E1A5FF6DC0088D9BC /* NSString */ = {
			isa = PBXGroup;
			children = (
				6527C97F1A5FF7010088D9BC /* NSString+RandomTest.h */,
				6527C9801A5FF7010088D9BC /* NSString+RandomTest.m */,
			);
			name = NSString;
			sourceTree = "<group>";
		};
		654D9AD01A5E9E6400D853C4 /* Model */ = {
			isa = PBXGroup;
			children = (
				6527C9341A5FC4D80088D9BC /* Entities */,
				654D9AD11A5E9EFA00D853C4 /* BIObjCHelpersExample.xcdatamodeld */,
			);
			name = Model;
			sourceTree = "<group>";
		};
		655C474F1A6569AF001A0AAE /* NSFetchedResultsController */ = {
			isa = PBXGroup;
			children = (
				655C47501A6569D6001A0AAE /* NSFetchedResultsController+BITestHelpers.h */,
				655C47511A6569D6001A0AAE /* NSFetchedResultsController+BITestHelpers.m */,
			);
			name = NSFetchedResultsController;
			sourceTree = "<group>";
		};
		655C476D1A658938001A0AAE /* AllCapitals */ = {
			isa = PBXGroup;
			children = (
				656633261A69470400A9BD67 /* Views */,
				6566331F1A6945FE00A9BD67 /* Datasource */,
				655C476E1A658938001A0AAE /* ViewController */,
			);
			path = AllCapitals;
			sourceTree = "<group>";
		};
		655C476E1A658938001A0AAE /* ViewController */ = {
			isa = PBXGroup;
			children = (
				655C47741A65896B001A0AAE /* BIAllCapitalsCollectionViewController.h */,
				655C47751A65896B001A0AAE /* BIAllCapitalsCollectionViewController.m */,
			);
			path = ViewController;
			sourceTree = "<group>";
		};
		655C476F1A658938001A0AAE /* AllCountries */ = {
			isa = PBXGroup;
			children = (
				6566331B1A6911AE00A9BD67 /* Datasource */,
				655C47701A658938001A0AAE /* ViewController */,
			);
			path = AllCountries;
			sourceTree = "<group>";
		};
		655C47701A658938001A0AAE /* ViewController */ = {
			isa = PBXGroup;
			children = (
				655C47711A658938001A0AAE /* BIAllCountriesTableViewController.h */,
				655C47721A658938001A0AAE /* BIAllCountriesTableViewController.m */,
			);
			path = ViewController;
			sourceTree = "<group>";
		};
		655C478F1A659A86001A0AAE /* Starters */ = {
			isa = PBXGroup;
			children = (
				655C47901A659A86001A0AAE /* CoreData */,
				655C47911A659A86001A0AAE /* Factory */,
			);
			path = Starters;
			sourceTree = "<group>";
		};
		655C47901A659A86001A0AAE /* CoreData */ = {
			isa = PBXGroup;
			children = (
				655C47951A659AAE001A0AAE /* BIAppStarterSetupCoreData.h */,
				655C47961A659AAE001A0AAE /* BIAppStarterSetupCoreData.m */,
				655C479B1A65A17A001A0AAE /* BIAppStarterPopulateCoreData.h */,
				655C479C1A65A17A001A0AAE /* BIAppStarterPopulateCoreData.m */,
			);
			path = CoreData;
			sourceTree = "<group>";
		};
		655C47911A659A86001A0AAE /* Factory */ = {
			isa = PBXGroup;
			children = (
				655C47921A659A86001A0AAE /* BIAppStartersFactory.h */,
				655C47931A659A86001A0AAE /* BIAppStartersFactory.m */,
			);
			path = Factory;
			sourceTree = "<group>";
		};
		655C47981A659EDE001A0AAE /* DefaultData */ = {
			isa = PBXGroup;
			children = (
				655C47991A659F20001A0AAE /* DefaultData.plist */,
			);
			name = DefaultData;
			sourceTree = "<group>";
		};
		6566331B1A6911AE00A9BD67 /* Datasource */ = {
			isa = PBXGroup;
			children = (
				6566331C1A6940B800A9BD67 /* BIAllCountriesDatasource.h */,
				6566331D1A6940B800A9BD67 /* BIAllCountriesDatasource.m */,
			);
			name = Datasource;
			sourceTree = "<group>";
		};
		6566331F1A6945FE00A9BD67 /* Datasource */ = {
			isa = PBXGroup;
			children = (
				656633231A69464700A9BD67 /* BIAllCapitalsDatasource.h */,
				656633241A69464700A9BD67 /* BIAllCapitalsDatasource.m */,
			);
			name = Datasource;
			sourceTree = "<group>";
		};
		656633261A69470400A9BD67 /* Views */ = {
			isa = PBXGroup;
			children = (
				656633271A69471100A9BD67 /* Cell */,
			);
			name = Views;
			sourceTree = "<group>";
		};
		656633271A69471100A9BD67 /* Cell */ = {
			isa = PBXGroup;
			children = (
				656633281A69473200A9BD67 /* BIAllCapitalsCollectionViewCell.h */,
				656633291A69473200A9BD67 /* BIAllCapitalsCollectionViewCell.m */,
			);
			name = Cell;
			sourceTree = "<group>";
		};
		658AF6561A56BAA500D48C74 = {
			isa = PBXGroup;
			children = (
				658AF6611A56BAA500D48C74 /* BIObjCHelpersExample */,
				658AF67B1A56BAA600D48C74 /* BIObjCHelpersExampleTests */,
				658AF6601A56BAA500D48C74 /* Products */,
				E50A54C3EC62FC868EFCC2DD /* Pods */,
				2550397FA7F5C4AB420D5DC3 /* Frameworks */,
			);
			sourceTree = "<group>";
		};
		658AF6601A56BAA500D48C74 /* Products */ = {
			isa = PBXGroup;
			children = (
				658AF65F1A56BAA500D48C74 /* BIObjCHelpersExample.app */,
				658AF6781A56BAA600D48C74 /* BIObjCHelpersExampleTests.xctest */,
			);
			name = Products;
			sourceTree = "<group>";
		};
		658AF6611A56BAA500D48C74 /* BIObjCHelpersExample */ = {
			isa = PBXGroup;
			children = (
				658AF6881A56BB8E00D48C74 /* Classes */,
				658AF6911A56BB8E00D48C74 /* Resources */,
				658AF69B1A56BB9C00D48C74 /* SupportingFiles */,
			);
			path = BIObjCHelpersExample;
			sourceTree = "<group>";
		};
		658AF67B1A56BAA600D48C74 /* BIObjCHelpersExampleTests */ = {
			isa = PBXGroup;
			children = (
				6527C9481A5FC6030088D9BC /* Helpers */,
				658AF6A51A56C43900D48C74 /* Tests */,
				658AF67C1A56BAA600D48C74 /* SupportingFiles */,
			);
			path = BIObjCHelpersExampleTests;
			sourceTree = "<group>";
		};
		658AF67C1A56BAA600D48C74 /* SupportingFiles */ = {
			isa = PBXGroup;
			children = (
				658AF67D1A56BAA600D48C74 /* Info.plist */,
				655C47671A6575A5001A0AAE /* BIObjCHelpersExampleTests.pch */,
			);
			name = SupportingFiles;
			sourceTree = "<group>";
		};
		658AF6881A56BB8E00D48C74 /* Classes */ = {
			isa = PBXGroup;
			children = (
				658AF6891A56BB8E00D48C74 /* BIAppDelegate.h */,
				658AF68A1A56BB8E00D48C74 /* BIAppDelegate.m */,
				658AF68B1A56BB8E00D48C74 /* GUI */,
				658AF6A01A56BD9200D48C74 /* Helpers */,
				654D9AD01A5E9E6400D853C4 /* Model */,
			);
			path = Classes;
			sourceTree = "<group>";
		};
		658AF68B1A56BB8E00D48C74 /* GUI */ = {
			isa = PBXGroup;
			children = (
				658AF68C1A56BB8E00D48C74 /* BIMain.storyboard */,
				655C476D1A658938001A0AAE /* AllCapitals */,
				655C476F1A658938001A0AAE /* AllCountries */,
				4329820F1B551C67009B2FDC /* TableView Feed */,
				91614A971B948B0E00D00EB2 /* CollectionView Feed */,
			);
			path = GUI;
			sourceTree = "<group>";
		};
		658AF6911A56BB8E00D48C74 /* Resources */ = {
			isa = PBXGroup;
			children = (
				655C47981A659EDE001A0AAE /* DefaultData */,
				658AF6921A56BB8E00D48C74 /* Images */,
				658AF6941A56BB8E00D48C74 /* LaunchScreen */,
			);
			path = Resources;
			sourceTree = "<group>";
		};
		658AF6921A56BB8E00D48C74 /* Images */ = {
			isa = PBXGroup;
			children = (
				658AF6931A56BB8E00D48C74 /* Images.xcassets */,
			);
			path = Images;
			sourceTree = "<group>";
		};
		658AF6941A56BB8E00D48C74 /* LaunchScreen */ = {
			isa = PBXGroup;
			children = (
				658AF6951A56BB8E00D48C74 /* BILaunchScreen.xib */,
			);
			path = LaunchScreen;
			sourceTree = "<group>";
		};
		658AF69B1A56BB9C00D48C74 /* SupportingFiles */ = {
			isa = PBXGroup;
			children = (
				658AF69C1A56BB9C00D48C74 /* Info.plist */,
				658AF69D1A56BB9C00D48C74 /* main.m */,
			);
			path = SupportingFiles;
			sourceTree = "<group>";
		};
		658AF6A01A56BD9200D48C74 /* Helpers */ = {
			isa = PBXGroup;
			children = (
				655C478F1A659A86001A0AAE /* Starters */,
			);
			path = Helpers;
			sourceTree = "<group>";
		};
		658AF6A51A56C43900D48C74 /* Tests */ = {
			isa = PBXGroup;
			children = (
				65D6246D1A63AB0E00095EF0 /* Helpers */,
				6527C9611A5FDEF60088D9BC /* Model */,
			);
			name = Tests;
			sourceTree = "<group>";
		};
		65D6246D1A63AB0E00095EF0 /* Helpers */ = {
			isa = PBXGroup;
			children = (
				65D6246E1A63AB1100095EF0 /* Starters */,
			);
			name = Helpers;
			sourceTree = "<group>";
		};
		65D6246E1A63AB1100095EF0 /* Starters */ = {
			isa = PBXGroup;
			children = (
				65D6246F1A63AB4700095EF0 /* BIAppStartersFactoryTestCase.m */,
				655C479E1A65A623001A0AAE /* BIAppStarterPopulateCoreDataTestCase.m */,
			);
			name = Starters;
			sourceTree = "<group>";
		};
		91614A971B948B0E00D00EB2 /* CollectionView Feed */ = {
			isa = PBXGroup;
			children = (
				916D3E8C1B95928A00D93B6B /* Views */,
				91614A991B948B1C00D00EB2 /* ViewController */,
				91614A981B948B1900D00EB2 /* DataSource */,
			);
			name = "CollectionView Feed";
			sourceTree = "<group>";
		};
		91614A981B948B1900D00EB2 /* DataSource */ = {
			isa = PBXGroup;
			children = (
				91E9ECF21B957EFA0009C4F1 /* BIExampleDatasourceFeedCollectionView.h */,
				91E9ECF31B957EFA0009C4F1 /* BIExampleDatasourceFeedCollectionView.m */,
			);
			name = DataSource;
			sourceTree = "<group>";
		};
		91614A991B948B1C00D00EB2 /* ViewController */ = {
			isa = PBXGroup;
			children = (
				91614A9A1B948E2500D00EB2 /* BIExampleFeedCollectionViewController.h */,
				91614A9B1B948E2500D00EB2 /* BIExampleFeedCollectionViewController.m */,
			);
			name = ViewController;
			sourceTree = "<group>";
		};
		916D3E8C1B95928A00D93B6B /* Views */ = {
			isa = PBXGroup;
			children = (
				916D3E8D1B95928D00D93B6B /* Cell */,
			);
			name = Views;
			sourceTree = "<group>";
		};
		916D3E8D1B95928D00D93B6B /* Cell */ = {
			isa = PBXGroup;
			children = (
				916D3E8E1B9592A300D93B6B /* BIExampleCollectionViewCell.h */,
				916D3E8F1B9592A300D93B6B /* BIExampleCollectionViewCell.m */,
			);
			name = Cell;
			sourceTree = "<group>";
		};
		E50A54C3EC62FC868EFCC2DD /* Pods */ = {
			isa = PBXGroup;
			children = (
				72913F596A1BB0AB3CA8003A /* Pods.debug.xcconfig */,
				7F18AFB62E9ED4DFAEB9B6D8 /* Pods.release.xcconfig */,
				7CC316F00CB20E763F363544 /* Pods-BIObjCHelpersExampleTests.debug.xcconfig */,
				8A0A28CA1F5D3FE5397875F9 /* Pods-BIObjCHelpersExampleTests.release.xcconfig */,
			);
			name = Pods;
			sourceTree = "<group>";
		};
/* End PBXGroup section */

/* Begin PBXNativeTarget section */
		658AF65E1A56BAA500D48C74 /* BIObjCHelpersExample */ = {
			isa = PBXNativeTarget;
			buildConfigurationList = 658AF6821A56BAA600D48C74 /* Build configuration list for PBXNativeTarget "BIObjCHelpersExample" */;
			buildPhases = (
				E2A4C4C27FF90CD10CD1FA0A /* Check Pods Manifest.lock */,
				658AF65B1A56BAA500D48C74 /* Sources */,
				658AF65C1A56BAA500D48C74 /* Frameworks */,
				658AF65D1A56BAA500D48C74 /* Resources */,
				1E893CC6E069D62A0BC579A8 /* Copy Pods Resources */,
				489EF24BDED78FD86B7F96F8 /* Embed Pods Frameworks */,
			);
			buildRules = (
			);
			dependencies = (
			);
			name = BIObjCHelpersExample;
			productName = BIObjCHelpersExample;
			productReference = 658AF65F1A56BAA500D48C74 /* BIObjCHelpersExample.app */;
			productType = "com.apple.product-type.application";
		};
		658AF6771A56BAA600D48C74 /* BIObjCHelpersExampleTests */ = {
			isa = PBXNativeTarget;
			buildConfigurationList = 658AF6851A56BAA600D48C74 /* Build configuration list for PBXNativeTarget "BIObjCHelpersExampleTests" */;
			buildPhases = (
				16CD3FF08C4865297100684F /* Check Pods Manifest.lock */,
				658AF6741A56BAA600D48C74 /* Sources */,
				658AF6751A56BAA600D48C74 /* Frameworks */,
				658AF6761A56BAA600D48C74 /* Resources */,
				9EDBA9DBA17464A39A0484FB /* Copy Pods Resources */,
				46DC8BD913535FA509F4BD73 /* Embed Pods Frameworks */,
			);
			buildRules = (
			);
			dependencies = (
				658AF67A1A56BAA600D48C74 /* PBXTargetDependency */,
			);
			name = BIObjCHelpersExampleTests;
			productName = BIObjCHelpersExampleTests;
			productReference = 658AF6781A56BAA600D48C74 /* BIObjCHelpersExampleTests.xctest */;
			productType = "com.apple.product-type.bundle.unit-test";
		};
/* End PBXNativeTarget section */

/* Begin PBXProject section */
		658AF6571A56BAA500D48C74 /* Project object */ = {
			isa = PBXProject;
			attributes = {
				LastUpgradeCheck = 0700;
				ORGANIZATIONNAME = "Bogdan Iusco";
				TargetAttributes = {
					658AF65E1A56BAA500D48C74 = {
						CreatedOnToolsVersion = 6.1.1;
					};
					658AF6771A56BAA600D48C74 = {
						CreatedOnToolsVersion = 6.1.1;
						TestTargetID = 658AF65E1A56BAA500D48C74;
					};
				};
			};
			buildConfigurationList = 658AF65A1A56BAA500D48C74 /* Build configuration list for PBXProject "BIObjCHelpersExample" */;
			compatibilityVersion = "Xcode 3.2";
			developmentRegion = English;
			hasScannedForEncodings = 0;
			knownRegions = (
				en,
				Base,
			);
			mainGroup = 658AF6561A56BAA500D48C74;
			productRefGroup = 658AF6601A56BAA500D48C74 /* Products */;
			projectDirPath = "";
			projectRoot = "";
			targets = (
				658AF65E1A56BAA500D48C74 /* BIObjCHelpersExample */,
				658AF6771A56BAA600D48C74 /* BIObjCHelpersExampleTests */,
			);
		};
/* End PBXProject section */

/* Begin PBXResourcesBuildPhase section */
		658AF65D1A56BAA500D48C74 /* Resources */ = {
			isa = PBXResourcesBuildPhase;
			buildActionMask = 2147483647;
			files = (
				658AF6971A56BB8E00D48C74 /* BIMain.storyboard in Resources */,
				658AF69A1A56BB8E00D48C74 /* BILaunchScreen.xib in Resources */,
				655C479A1A659F20001A0AAE /* DefaultData.plist in Resources */,
				658AF6991A56BB8E00D48C74 /* Images.xcassets in Resources */,
			);
			runOnlyForDeploymentPostprocessing = 0;
		};
		658AF6761A56BAA600D48C74 /* Resources */ = {
			isa = PBXResourcesBuildPhase;
			buildActionMask = 2147483647;
			files = (
			);
			runOnlyForDeploymentPostprocessing = 0;
		};
/* End PBXResourcesBuildPhase section */

/* Begin PBXShellScriptBuildPhase section */
		16CD3FF08C4865297100684F /* Check Pods Manifest.lock */ = {
			isa = PBXShellScriptBuildPhase;
			buildActionMask = 2147483647;
			files = (
			);
			inputPaths = (
			);
			name = "Check Pods Manifest.lock";
			outputPaths = (
			);
			runOnlyForDeploymentPostprocessing = 0;
			shellPath = /bin/sh;
			shellScript = "diff \"${PODS_ROOT}/../Podfile.lock\" \"${PODS_ROOT}/Manifest.lock\" > /dev/null\nif [[ $? != 0 ]] ; then\n    cat << EOM\nerror: The sandbox is not in sync with the Podfile.lock. Run 'pod install' or update your CocoaPods installation.\nEOM\n    exit 1\nfi\n";
			showEnvVarsInLog = 0;
		};
		1E893CC6E069D62A0BC579A8 /* Copy Pods Resources */ = {
			isa = PBXShellScriptBuildPhase;
			buildActionMask = 2147483647;
			files = (
			);
			inputPaths = (
			);
			name = "Copy Pods Resources";
			outputPaths = (
			);
			runOnlyForDeploymentPostprocessing = 0;
			shellPath = /bin/sh;
			shellScript = "\"${SRCROOT}/Pods/Target Support Files/Pods/Pods-resources.sh\"\n";
			showEnvVarsInLog = 0;
		};
		46DC8BD913535FA509F4BD73 /* Embed Pods Frameworks */ = {
			isa = PBXShellScriptBuildPhase;
			buildActionMask = 2147483647;
			files = (
			);
			inputPaths = (
			);
			name = "Embed Pods Frameworks";
			outputPaths = (
			);
			runOnlyForDeploymentPostprocessing = 0;
			shellPath = /bin/sh;
			shellScript = "\"${SRCROOT}/Pods/Target Support Files/Pods-BIObjCHelpersExampleTests/Pods-BIObjCHelpersExampleTests-frameworks.sh\"\n";
			showEnvVarsInLog = 0;
		};
		489EF24BDED78FD86B7F96F8 /* Embed Pods Frameworks */ = {
			isa = PBXShellScriptBuildPhase;
			buildActionMask = 2147483647;
			files = (
			);
			inputPaths = (
			);
			name = "Embed Pods Frameworks";
			outputPaths = (
			);
			runOnlyForDeploymentPostprocessing = 0;
			shellPath = /bin/sh;
			shellScript = "\"${SRCROOT}/Pods/Target Support Files/Pods/Pods-frameworks.sh\"\n";
			showEnvVarsInLog = 0;
		};
		9EDBA9DBA17464A39A0484FB /* Copy Pods Resources */ = {
			isa = PBXShellScriptBuildPhase;
			buildActionMask = 2147483647;
			files = (
			);
			inputPaths = (
			);
			name = "Copy Pods Resources";
			outputPaths = (
			);
			runOnlyForDeploymentPostprocessing = 0;
			shellPath = /bin/sh;
			shellScript = "\"${SRCROOT}/Pods/Target Support Files/Pods-BIObjCHelpersExampleTests/Pods-BIObjCHelpersExampleTests-resources.sh\"\n";
			showEnvVarsInLog = 0;
		};
		E2A4C4C27FF90CD10CD1FA0A /* Check Pods Manifest.lock */ = {
			isa = PBXShellScriptBuildPhase;
			buildActionMask = 2147483647;
			files = (
			);
			inputPaths = (
			);
			name = "Check Pods Manifest.lock";
			outputPaths = (
			);
			runOnlyForDeploymentPostprocessing = 0;
			shellPath = /bin/sh;
			shellScript = "diff \"${PODS_ROOT}/../Podfile.lock\" \"${PODS_ROOT}/Manifest.lock\" > /dev/null\nif [[ $? != 0 ]] ; then\n    cat << EOM\nerror: The sandbox is not in sync with the Podfile.lock. Run 'pod install' or update your CocoaPods installation.\nEOM\n    exit 1\nfi\n";
			showEnvVarsInLog = 0;
		};
/* End PBXShellScriptBuildPhase section */

/* Begin PBXSourcesBuildPhase section */
		658AF65B1A56BAA500D48C74 /* Sources */ = {
			isa = PBXSourcesBuildPhase;
			buildActionMask = 2147483647;
			files = (
				916D3E911B9592A300D93B6B /* BIExampleCollectionViewCell.m in Sources */,
				658AF69F1A56BB9C00D48C74 /* main.m in Sources */,
				656633251A69464700A9BD67 /* BIAllCapitalsDatasource.m in Sources */,
				654D9AD31A5E9EFA00D853C4 /* BIObjCHelpersExample.xcdatamodeld in Sources */,
				6527C95D1A5FDC610088D9BC /* _BICountry.m in Sources */,
				91614A9C1B948E2500D00EB2 /* BIExampleFeedCollectionViewController.m in Sources */,
				655C47761A65896B001A0AAE /* BIAllCapitalsCollectionViewController.m in Sources */,
				658AF6961A56BB8E00D48C74 /* BIAppDelegate.m in Sources */,
				91E9ECF41B957EFA0009C4F1 /* BIExampleDatasourceFeedCollectionView.m in Sources */,
				655C47971A659AAE001A0AAE /* BIAppStarterSetupCoreData.m in Sources */,
				91614AA21B948E5900D00EB2 /* BIExampleFeedTableViewController.m in Sources */,
				6566331E1A6940B800A9BD67 /* BIAllCountriesDatasource.m in Sources */,
				6527C9571A5FDC240088D9BC /* BICapital.m in Sources */,
				91614A9F1B948E5200D00EB2 /* BIExampleDatasourceFeedTableView.m in Sources */,
				655C47941A659A86001A0AAE /* BIAppStartersFactory.m in Sources */,
				6527C9541A5FDB740088D9BC /* BIModelBase.m in Sources */,
				6527C94E1A5FD9B30088D9BC /* _BIModelBase.m in Sources */,
				655C479D1A65A17A001A0AAE /* BIAppStarterPopulateCoreData.m in Sources */,
				6527C9601A5FDD6D0088D9BC /* BICountry.m in Sources */,
				655C47731A658938001A0AAE /* BIAllCountriesTableViewController.m in Sources */,
				6527C9511A5FDB400088D9BC /* _BICapital.m in Sources */,
				6566332A1A69473200A9BD67 /* BIAllCapitalsCollectionViewCell.m in Sources */,
			);
			runOnlyForDeploymentPostprocessing = 0;
		};
		658AF6741A56BAA600D48C74 /* Sources */ = {
			isa = PBXSourcesBuildPhase;
			buildActionMask = 2147483647;
			files = (
				6527C9811A5FF7010088D9BC /* NSString+RandomTest.m in Sources */,
				65D624701A63AB4700095EF0 /* BIAppStartersFactoryTestCase.m in Sources */,
				6527C94B1A5FC65E0088D9BC /* BITestCaseCoreData.m in Sources */,
				6527C9831A5FFA210088D9BC /* BICountryTestCase.m in Sources */,
				6527C9681A5FF54E0088D9BC /* BICapitalTestCase.m in Sources */,
				655C479F1A65A623001A0AAE /* BIAppStarterPopulateCoreDataTestCase.m in Sources */,
				655C47521A6569D6001A0AAE /* NSFetchedResultsController+BITestHelpers.m in Sources */,
				6527C9651A5FDF3B0088D9BC /* BIModelBaseTestCase.m in Sources */,
			);
			runOnlyForDeploymentPostprocessing = 0;
		};
/* End PBXSourcesBuildPhase section */

/* Begin PBXTargetDependency section */
		658AF67A1A56BAA600D48C74 /* PBXTargetDependency */ = {
			isa = PBXTargetDependency;
			target = 658AF65E1A56BAA500D48C74 /* BIObjCHelpersExample */;
			targetProxy = 658AF6791A56BAA600D48C74 /* PBXContainerItemProxy */;
		};
/* End PBXTargetDependency section */

/* Begin XCBuildConfiguration section */
		658AF6801A56BAA600D48C74 /* Debug */ = {
			isa = XCBuildConfiguration;
			buildSettings = {
				ALWAYS_SEARCH_USER_PATHS = NO;
				CLANG_CXX_LANGUAGE_STANDARD = "gnu++0x";
				CLANG_CXX_LIBRARY = "libc++";
				CLANG_ENABLE_MODULES = YES;
				CLANG_ENABLE_OBJC_ARC = YES;
				CLANG_WARN_BOOL_CONVERSION = YES;
				CLANG_WARN_CONSTANT_CONVERSION = YES;
				CLANG_WARN_DIRECT_OBJC_ISA_USAGE = YES_ERROR;
				CLANG_WARN_EMPTY_BODY = YES;
				CLANG_WARN_ENUM_CONVERSION = YES;
				CLANG_WARN_INT_CONVERSION = YES;
				CLANG_WARN_OBJC_ROOT_CLASS = YES_ERROR;
				CLANG_WARN_UNREACHABLE_CODE = YES;
				CLANG_WARN__DUPLICATE_METHOD_MATCH = YES;
				"CODE_SIGN_IDENTITY[sdk=iphoneos*]" = "iPhone Developer";
				COPY_PHASE_STRIP = NO;
				ENABLE_STRICT_OBJC_MSGSEND = YES;
				ENABLE_TESTABILITY = YES;
				GCC_C_LANGUAGE_STANDARD = gnu99;
				GCC_DYNAMIC_NO_PIC = NO;
				GCC_OPTIMIZATION_LEVEL = 0;
				GCC_PREPROCESSOR_DEFINITIONS = (
					"DEBUG=1",
					"$(inherited)",
				);
				GCC_SYMBOLS_PRIVATE_EXTERN = NO;
				GCC_WARN_64_TO_32_BIT_CONVERSION = YES;
				GCC_WARN_ABOUT_RETURN_TYPE = YES_ERROR;
				GCC_WARN_UNDECLARED_SELECTOR = YES;
				GCC_WARN_UNINITIALIZED_AUTOS = YES_AGGRESSIVE;
				GCC_WARN_UNUSED_FUNCTION = YES;
				GCC_WARN_UNUSED_VARIABLE = YES;
				IPHONEOS_DEPLOYMENT_TARGET = 8.0;
				MTL_ENABLE_DEBUG_INFO = YES;
				ONLY_ACTIVE_ARCH = YES;
				SDKROOT = iphoneos;
				TARGETED_DEVICE_FAMILY = "1,2";
			};
			name = Debug;
		};
		658AF6811A56BAA600D48C74 /* Release */ = {
			isa = XCBuildConfiguration;
			buildSettings = {
				ALWAYS_SEARCH_USER_PATHS = NO;
				CLANG_CXX_LANGUAGE_STANDARD = "gnu++0x";
				CLANG_CXX_LIBRARY = "libc++";
				CLANG_ENABLE_MODULES = YES;
				CLANG_ENABLE_OBJC_ARC = YES;
				CLANG_WARN_BOOL_CONVERSION = YES;
				CLANG_WARN_CONSTANT_CONVERSION = YES;
				CLANG_WARN_DIRECT_OBJC_ISA_USAGE = YES_ERROR;
				CLANG_WARN_EMPTY_BODY = YES;
				CLANG_WARN_ENUM_CONVERSION = YES;
				CLANG_WARN_INT_CONVERSION = YES;
				CLANG_WARN_OBJC_ROOT_CLASS = YES_ERROR;
				CLANG_WARN_UNREACHABLE_CODE = YES;
				CLANG_WARN__DUPLICATE_METHOD_MATCH = YES;
				"CODE_SIGN_IDENTITY[sdk=iphoneos*]" = "iPhone Developer";
				COPY_PHASE_STRIP = YES;
				ENABLE_NS_ASSERTIONS = NO;
				ENABLE_STRICT_OBJC_MSGSEND = YES;
				GCC_C_LANGUAGE_STANDARD = gnu99;
				GCC_WARN_64_TO_32_BIT_CONVERSION = YES;
				GCC_WARN_ABOUT_RETURN_TYPE = YES_ERROR;
				GCC_WARN_UNDECLARED_SELECTOR = YES;
				GCC_WARN_UNINITIALIZED_AUTOS = YES_AGGRESSIVE;
				GCC_WARN_UNUSED_FUNCTION = YES;
				GCC_WARN_UNUSED_VARIABLE = YES;
				IPHONEOS_DEPLOYMENT_TARGET = 8.0;
				MTL_ENABLE_DEBUG_INFO = NO;
				SDKROOT = iphoneos;
				TARGETED_DEVICE_FAMILY = "1,2";
				VALIDATE_PRODUCT = YES;
			};
			name = Release;
		};
		658AF6831A56BAA600D48C74 /* Debug */ = {
			isa = XCBuildConfiguration;
			baseConfigurationReference = 72913F596A1BB0AB3CA8003A /* Pods.debug.xcconfig */;
			buildSettings = {
				ASSETCATALOG_COMPILER_APPICON_NAME = AppIcon;
				GCC_GENERATE_TEST_COVERAGE_FILES = YES;
				GCC_INSTRUMENT_PROGRAM_FLOW_ARCS = NO;
				INFOPLIST_FILE = BIObjCHelpersExample/SupportingFiles/Info.plist;
				IPHONEOS_DEPLOYMENT_TARGET = 8.0;
				LD_RUNPATH_SEARCH_PATHS = "$(inherited) @executable_path/Frameworks";
				PRODUCT_BUNDLE_IDENTIFIER = "grigaci.$(PRODUCT_NAME:rfc1034identifier)";
				PRODUCT_NAME = "$(TARGET_NAME)";
			};
			name = Debug;
		};
		658AF6841A56BAA600D48C74 /* Release */ = {
			isa = XCBuildConfiguration;
			baseConfigurationReference = 7F18AFB62E9ED4DFAEB9B6D8 /* Pods.release.xcconfig */;
			buildSettings = {
				ASSETCATALOG_COMPILER_APPICON_NAME = AppIcon;
				GCC_INSTRUMENT_PROGRAM_FLOW_ARCS = NO;
				INFOPLIST_FILE = BIObjCHelpersExample/SupportingFiles/Info.plist;
				IPHONEOS_DEPLOYMENT_TARGET = 8.0;
				LD_RUNPATH_SEARCH_PATHS = "$(inherited) @executable_path/Frameworks";
				PRODUCT_BUNDLE_IDENTIFIER = "grigaci.$(PRODUCT_NAME:rfc1034identifier)";
				PRODUCT_NAME = "$(TARGET_NAME)";
			};
			name = Release;
		};
		658AF6861A56BAA600D48C74 /* Debug */ = {
			isa = XCBuildConfiguration;
			baseConfigurationReference = 7CC316F00CB20E763F363544 /* Pods-BIObjCHelpersExampleTests.debug.xcconfig */;
			buildSettings = {
				BUNDLE_LOADER = "$(TEST_HOST)";
				FRAMEWORK_SEARCH_PATHS = "";
				GCC_GENERATE_TEST_COVERAGE_FILES = YES;
				GCC_INSTRUMENT_PROGRAM_FLOW_ARCS = NO;
				GCC_PREFIX_HEADER = BIObjCHelpersExampleTests/SupportingFiles/BIObjCHelpersExampleTests.pch;
				GCC_PREPROCESSOR_DEFINITIONS = (
					"DEBUG=1",
					"$(inherited)",
				);
				INFOPLIST_FILE = BIObjCHelpersExampleTests/SupportingFiles/Info.plist;
				LD_RUNPATH_SEARCH_PATHS = "$(inherited) @executable_path/Frameworks @loader_path/Frameworks";
				PRODUCT_BUNDLE_IDENTIFIER = "grigaci.$(PRODUCT_NAME:rfc1034identifier)";
				PRODUCT_NAME = "$(TARGET_NAME)";
				TEST_HOST = "$(BUILT_PRODUCTS_DIR)/BIObjCHelpersExample.app/BIObjCHelpersExample";
			};
			name = Debug;
		};
		658AF6871A56BAA600D48C74 /* Release */ = {
			isa = XCBuildConfiguration;
			baseConfigurationReference = 8A0A28CA1F5D3FE5397875F9 /* Pods-BIObjCHelpersExampleTests.release.xcconfig */;
			buildSettings = {
				BUNDLE_LOADER = "$(TEST_HOST)";
				FRAMEWORK_SEARCH_PATHS = "";
				GCC_GENERATE_TEST_COVERAGE_FILES = NO;
				GCC_INSTRUMENT_PROGRAM_FLOW_ARCS = NO;
				GCC_PREFIX_HEADER = BIObjCHelpersExampleTests/SupportingFiles/BIObjCHelpersExampleTests.pch;
				INFOPLIST_FILE = BIObjCHelpersExampleTests/SupportingFiles/Info.plist;
				LD_RUNPATH_SEARCH_PATHS = "$(inherited) @executable_path/Frameworks @loader_path/Frameworks";
				PRODUCT_BUNDLE_IDENTIFIER = "grigaci.$(PRODUCT_NAME:rfc1034identifier)";
				PRODUCT_NAME = "$(TARGET_NAME)";
				TEST_HOST = "$(BUILT_PRODUCTS_DIR)/BIObjCHelpersExample.app/BIObjCHelpersExample";
			};
			name = Release;
		};
/* End XCBuildConfiguration section */

/* Begin XCConfigurationList section */
		658AF65A1A56BAA500D48C74 /* Build configuration list for PBXProject "BIObjCHelpersExample" */ = {
			isa = XCConfigurationList;
			buildConfigurations = (
				658AF6801A56BAA600D48C74 /* Debug */,
				658AF6811A56BAA600D48C74 /* Release */,
			);
			defaultConfigurationIsVisible = 0;
			defaultConfigurationName = Release;
		};
		658AF6821A56BAA600D48C74 /* Build configuration list for PBXNativeTarget "BIObjCHelpersExample" */ = {
			isa = XCConfigurationList;
			buildConfigurations = (
				658AF6831A56BAA600D48C74 /* Debug */,
				658AF6841A56BAA600D48C74 /* Release */,
			);
			defaultConfigurationIsVisible = 0;
			defaultConfigurationName = Release;
		};
		658AF6851A56BAA600D48C74 /* Build configuration list for PBXNativeTarget "BIObjCHelpersExampleTests" */ = {
			isa = XCConfigurationList;
			buildConfigurations = (
				658AF6861A56BAA600D48C74 /* Debug */,
				658AF6871A56BAA600D48C74 /* Release */,
			);
			defaultConfigurationIsVisible = 0;
			defaultConfigurationName = Release;
		};
/* End XCConfigurationList section */

/* Begin XCVersionGroup section */
		654D9AD11A5E9EFA00D853C4 /* BIObjCHelpersExample.xcdatamodeld */ = {
			isa = XCVersionGroup;
			children = (
				654D9AD21A5E9EFA00D853C4 /* BIObjCHelpersExample.xcdatamodel */,
			);
			currentVersion = 654D9AD21A5E9EFA00D853C4 /* BIObjCHelpersExample.xcdatamodel */;
			name = BIObjCHelpersExample.xcdatamodeld;
			path = Model/BIObjCHelpersExample.xcdatamodeld;
			sourceTree = "<group>";
			versionGroupType = wrapper.xcdatamodel;
		};
/* End XCVersionGroup section */
	};
	rootObject = 658AF6571A56BAA500D48C74 /* Project object */;
}
